{
    "format_version": "0.1",
    "terraform_version": "0.12.7",
    "variables": {
        "project_id": {
            "value": "6543b992-8df8-4ef9-88d3-dc255bb62a2e"
        },
        "student": {
            "value": "925e2634-52b5-4492-ba5e-c800fe3401f1"
        },
        "user_id": {
            "value": "32"
        },
        "username": {
            "value": "Andrew.Schlackman"
        },
        "vsphere_datastore": {
            "value": "local-a12"
        },
        "vsphere_host_name": {
            "value": "vcenter-host"
        }
    },
    "planned_values": {
        "root_module": {
            "resources": [
                {
                    "address": "data.vsphere_network.course",
                    "mode": "data",
                    "type": "vsphere_network",
                    "name": "course",
                    "provider_name": "vsphere",
                    "schema_version": 0,
                    "values": {
                        "datacenter_id": "datacenter-2"
                    }
                },
                {
                    "address": "vsphere_host_port_group.course",
                    "mode": "managed",
                    "type": "vsphere_host_port_group",
                    "name": "course",
                    "provider_name": "vsphere",
                    "schema_version": 0,
                    "values": {
                        "active_nics": null,
                        "allow_forged_transmits": null,
                        "allow_mac_changes": null,
                        "allow_promiscuous": null,
                        "check_beacon": null,
                        "failback": null,
                        "host_system_id": "host-87",
                        "notify_switches": null,
                        "shaping_average_bandwidth": null,
                        "shaping_burst_size": null,
                        "shaping_enabled": null,
                        "shaping_peak_bandwidth": null,
                        "standby_nics": null,
                        "teaming_policy": null,
                        "virtual_switch_name": "vSwitch-6543b992-8df8-4ef9-88d3",
                        "vlan_id": 0
                    }
                },
                {
                    "address": "vsphere_host_virtual_switch.switch",
                    "mode": "managed",
                    "type": "vsphere_host_virtual_switch",
                    "name": "switch",
                    "provider_name": "vsphere",
                    "schema_version": 0,
                    "values": {
                        "active_nics": [],
                        "allow_forged_transmits": true,
                        "allow_mac_changes": true,
                        "allow_promiscuous": false,
                        "beacon_interval": 1,
                        "check_beacon": false,
                        "failback": true,
                        "host_system_id": "host-87",
                        "link_discovery_operation": "listen",
                        "link_discovery_protocol": "cdp",
                        "mtu": 1500,
                        "name": "vSwitch-6543b992-8df8-4ef9-88d3",
                        "network_adapters": [],
                        "notify_switches": true,
                        "number_of_ports": 128,
                        "shaping_average_bandwidth": null,
                        "shaping_burst_size": null,
                        "shaping_enabled": false,
                        "shaping_peak_bandwidth": null,
                        "standby_nics": [],
                        "teaming_policy": "loadbalance_srcid"
                    }
                },
                {
                    "address": "vsphere_virtual_machine.course-centos6-student",
                    "mode": "managed",
                    "type": "vsphere_virtual_machine",
                    "name": "course-centos6-student",
                    "provider_name": "vsphere",
                    "schema_version": 3,
                    "values": {
                        "alternate_guest_name": null,
                        "annotation": null,
                        "boot_delay": null,
                        "boot_retry_delay": 10000,
                        "boot_retry_enabled": null,
                        "cdrom": [],
                        "clone": [
                            {
                                "customize": [],
                                "linked_clone": true,
                                "template_uuid": "423c9f2b-4dee-0c54-9abb-f87a0027bd71",
                                "timeout": 30
                            }
                        ],
                        "cpu_hot_add_enabled": null,
                        "cpu_hot_remove_enabled": null,
                        "cpu_limit": -1,
                        "cpu_performance_counters_enabled": null,
                        "cpu_reservation": null,
                        "cpu_share_level": "normal",
                        "custom_attributes": null,
                        "datastore_cluster_id": null,
                        "datastore_id": "datastore-88",
                        "disk": [
                            {
                                "attach": false,
                                "datastore_id": "\u003ccomputed\u003e",
                                "disk_mode": "persistent",
                                "disk_sharing": "sharingNone",
                                "eagerly_scrub": false,
                                "io_limit": -1,
                                "io_reservation": 0,
                                "io_share_count": 0,
                                "io_share_level": "normal",
                                "keep_on_remove": false,
                                "key": 0,
                                "label": "disk0",
                                "name": null,
                                "size": 50,
                                "thin_provisioned": true,
                                "unit_number": 0,
                                "write_through": false
                            }
                        ],
                        "efi_secure_boot_enabled": null,
                        "enable_disk_uuid": null,
                        "enable_logging": null,
                        "ept_rvi_mode": "automatic",
                        "extra_config": {
                            "guestinfo.address": "122.66.12.40",
                            "guestinfo.emailsuffix": "course.local",
                            "guestinfo.gateway": "122.66.12.1",
                            "guestinfo.hostname": "student",
                            "guestinfo.netmask": "255.255.255.0",
                            "guestinfo.network": "122.66.12.0",
                            "guestinfo.stepadminpass": "Delicate@1",
                            "guestinfo.teamId": "925e2634-52b5-4492-ba5e-c800fe3401f1",
                            "guestinfo.userId": "32",
                            "guestinfo.userName": "Andrew.Schlackman"
                        },
                        "firmware": "bios",
                        "folder": "general",
                        "force_power_off": true,
                        "guest_id": "rhel6_64Guest",
                        "hv_mode": "hvAuto",
                        "ignored_guest_ips": null,
                        "latency_sensitivity": "normal",
                        "memory": 1024,
                        "memory_hot_add_enabled": null,
                        "memory_limit": -1,
                        "memory_reservation": null,
                        "memory_share_level": "normal",
                        "migrate_wait_timeout": 30,
                        "name": "course.centos6.student-6543b992-8df8-4ef9-88d3-dc255bb62a2e",
                        "nested_hv_enabled": null,
                        "network_interface": [
                            {
                                "adapter_type": "vmxnet3",
                                "bandwidth_limit": -1,
                                "bandwidth_reservation": 0,
                                "bandwidth_share_level": "normal",
                                "use_static_mac": null
                            },
                            {
                                "adapter_type": "vmxnet3",
                                "bandwidth_limit": -1,
                                "bandwidth_reservation": 0,
                                "bandwidth_share_level": "normal",
                                "network_id": "network-202",
                                "use_static_mac": null
                            }
                        ],
                        "num_cores_per_socket": 1,
                        "num_cpus": 1,
                        "resource_pool_id": "resgroup-740",
                        "run_tools_scripts_after_power_on": true,
                        "run_tools_scripts_after_resume": true,
                        "run_tools_scripts_before_guest_reboot": null,
                        "run_tools_scripts_before_guest_shutdown": true,
                        "run_tools_scripts_before_guest_standby": true,
                        "scsi_bus_sharing": "noSharing",
                        "scsi_controller_count": 1,
                        "scsi_type": "lsilogic",
                        "shutdown_wait_timeout": 1,
                        "swap_placement_policy": "inherit",
                        "sync_time_with_host": null,
                        "tags": null,
                        "vapp": [],
                        "wait_for_guest_ip_timeout": 0,
                        "wait_for_guest_net_routable": false,
                        "wait_for_guest_net_timeout": 0
                    }
                },
                {
                    "address": "vsphere_virtual_machine.course-centos7-server",
                    "mode": "managed",
                    "type": "vsphere_virtual_machine",
                    "name": "course-centos7-server",
                    "provider_name": "vsphere",
                    "schema_version": 3,
                    "values": {
                        "alternate_guest_name": null,
                        "annotation": null,
                        "boot_delay": null,
                        "boot_retry_delay": 10000,
                        "boot_retry_enabled": null,
                        "cdrom": [],
                        "clone": [
                            {
                                "customize": [],
                                "linked_clone": true,
                                "template_uuid": "423c7128-9b19-524a-31dc-f99cec7e5242",
                                "timeout": 30
                            }
                        ],
                        "cpu_hot_add_enabled": null,
                        "cpu_hot_remove_enabled": null,
                        "cpu_limit": -1,
                        "cpu_performance_counters_enabled": null,
                        "cpu_reservation": null,
                        "cpu_share_level": "normal",
                        "custom_attributes": null,
                        "datastore_cluster_id": null,
                        "datastore_id": "datastore-88",
                        "disk": [
                            {
                                "attach": false,
                                "datastore_id": "\u003ccomputed\u003e",
                                "disk_mode": "persistent",
                                "disk_sharing": "sharingNone",
                                "eagerly_scrub": false,
                                "io_limit": -1,
                                "io_reservation": 0,
                                "io_share_count": 0,
                                "io_share_level": "normal",
                                "keep_on_remove": false,
                                "key": 0,
                                "label": "disk0",
                                "name": null,
                                "size": 20,
                                "thin_provisioned": true,
                                "unit_number": 0,
                                "write_through": false
                            }
                        ],
                        "efi_secure_boot_enabled": null,
                        "enable_disk_uuid": null,
                        "enable_logging": null,
                        "ept_rvi_mode": "automatic",
                        "extra_config": {
                            "guestinfo.address": "122.66.12.31",
                            "guestinfo.dns": "122.66.12.10",
                            "guestinfo.emailsuffix": "abusama.tu",
                            "guestinfo.gateway": "122.66.12.1",
                            "guestinfo.hostname": "centos7server",
                            "guestinfo.n1.dns": "122.66.12.31",
                            "guestinfo.n1.gateway": "122.66.12.1",
                            "guestinfo.n1.index": "2",
                            "guestinfo.n1.ip": "122.66.12.131",
                            "guestinfo.n1.mask": "255.255.255.0",
                            "guestinfo.n1.mode": "static",
                            "guestinfo.net.interfaces": "n1",
                            "guestinfo.netmask": "255.255.255.0",
                            "guestinfo.network": "122.66.12.0",
                            "guestinfo.stepadminpass": "Delicate@1",
                            "guestinfo.teamId": "925e2634-52b5-4492-ba5e-c800fe3401f1"
                        },
                        "firmware": "bios",
                        "folder": "general",
                        "force_power_off": true,
                        "guest_id": "rhel7_64Guest",
                        "hv_mode": "hvAuto",
                        "ignored_guest_ips": null,
                        "latency_sensitivity": "normal",
                        "memory": 1024,
                        "memory_hot_add_enabled": null,
                        "memory_limit": -1,
                        "memory_reservation": null,
                        "memory_share_level": "normal",
                        "migrate_wait_timeout": 30,
                        "name": "course.centos7.server-6543b992-8df8-4ef9-88d3-dc255bb62a2e",
                        "nested_hv_enabled": null,
                        "network_interface": [
                            {
                                "adapter_type": "vmxnet3",
                                "bandwidth_limit": -1,
                                "bandwidth_reservation": 0,
                                "bandwidth_share_level": "normal",
                                "use_static_mac": null
                            }
                        ],
                        "num_cores_per_socket": 1,
                        "num_cpus": 1,
                        "resource_pool_id": "resgroup-740",
                        "run_tools_scripts_after_power_on": true,
                        "run_tools_scripts_after_resume": true,
                        "run_tools_scripts_before_guest_reboot": null,
                        "run_tools_scripts_before_guest_shutdown": true,
                        "run_tools_scripts_before_guest_standby": true,
                        "scsi_bus_sharing": "noSharing",
                        "scsi_controller_count": 1,
                        "scsi_type": "lsilogic",
                        "shutdown_wait_timeout": 1,
                        "swap_placement_policy": "inherit",
                        "sync_time_with_host": null,
                        "tags": null,
                        "vapp": [],
                        "wait_for_guest_ip_timeout": 0,
                        "wait_for_guest_net_routable": false,
                        "wait_for_guest_net_timeout": 0
                    }
                },
                {
                    "address": "vsphere_virtual_machine.course-freebsd10-ws01",
                    "mode": "managed",
                    "type": "vsphere_virtual_machine",
                    "name": "course-freebsd10-ws01",
                    "provider_name": "vsphere",
                    "schema_version": 3,
                    "values": {
                        "alternate_guest_name": null,
                        "annotation": null,
                        "boot_delay": null,
                        "boot_retry_delay": 10000,
                        "boot_retry_enabled": null,
                        "cdrom": [],
                        "clone": [
                            {
                                "customize": [],
                                "linked_clone": true,
                                "template_uuid": "423cd271-2e52-e643-dd4e-194708d9983c",
                                "timeout": 30
                            }
                        ],
                        "cpu_hot_add_enabled": null,
                        "cpu_hot_remove_enabled": null,
                        "cpu_limit": -1,
                        "cpu_performance_counters_enabled": null,
                        "cpu_reservation": null,
                        "cpu_share_level": "normal",
                        "custom_attributes": null,
                        "datastore_cluster_id": null,
                        "datastore_id": "datastore-88",
                        "disk": [
                            {
                                "attach": false,
                                "datastore_id": "\u003ccomputed\u003e",
                                "disk_mode": "persistent",
                                "disk_sharing": "sharingNone",
                                "eagerly_scrub": false,
                                "io_limit": -1,
                                "io_reservation": 0,
                                "io_share_count": 0,
                                "io_share_level": "normal",
                                "keep_on_remove": false,
                                "key": 0,
                                "label": "disk0",
                                "name": null,
                                "size": 20,
                                "thin_provisioned": true,
                                "unit_number": 0,
                                "write_through": false
                            }
                        ],
                        "efi_secure_boot_enabled": null,
                        "enable_disk_uuid": null,
                        "enable_logging": null,
                        "ept_rvi_mode": "automatic",
                        "extra_config": {
                            "guestinfo.address": "122.66.12.29",
                            "guestinfo.dns": "122.66.12.10",
                            "guestinfo.emailsuffix": "student.io",
                            "guestinfo.gateway": "122.66.12.1",
                            "guestinfo.hostname": "WS01",
                            "guestinfo.netmask": "255.255.255.0",
                            "guestinfo.network": "122.66.12.0",
                            "guestinfo.stepadminpass": "Delicate@1",
                            "guestinfo.teamId": "925e2634-52b5-4492-ba5e-c800fe3401f1"
                        },
                        "firmware": "bios",
                        "folder": "general",
                        "force_power_off": true,
                        "guest_id": "freebsd64Guest",
                        "hv_mode": "hvAuto",
                        "ignored_guest_ips": null,
                        "latency_sensitivity": "normal",
                        "memory": 1024,
                        "memory_hot_add_enabled": null,
                        "memory_limit": -1,
                        "memory_reservation": null,
                        "memory_share_level": "normal",
                        "migrate_wait_timeout": 30,
                        "name": "course.freebsd10-6543b992-8df8-4ef9-88d3-dc255bb62a2e",
                        "nested_hv_enabled": null,
                        "network_interface": [
                            {
                                "adapter_type": "vmxnet3",
                                "bandwidth_limit": -1,
                                "bandwidth_reservation": 0,
                                "bandwidth_share_level": "normal",
                                "use_static_mac": null
                            }
                        ],
                        "num_cores_per_socket": 1,
                        "num_cpus": 1,
                        "resource_pool_id": "resgroup-740",
                        "run_tools_scripts_after_power_on": true,
                        "run_tools_scripts_after_resume": true,
                        "run_tools_scripts_before_guest_reboot": null,
                        "run_tools_scripts_before_guest_shutdown": true,
                        "run_tools_scripts_before_guest_standby": true,
                        "scsi_bus_sharing": "noSharing",
                        "scsi_controller_count": 1,
                        "scsi_type": "lsilogic",
                        "shutdown_wait_timeout": 1,
                        "swap_placement_policy": "inherit",
                        "sync_time_with_host": null,
                        "tags": null,
                        "vapp": [],
                        "wait_for_guest_ip_timeout": 0,
                        "wait_for_guest_net_routable": false,
                        "wait_for_guest_net_timeout": 0
                    }
                },
                {
                    "address": "vsphere_virtual_machine.course-freebsd9-ws01",
                    "mode": "managed",
                    "type": "vsphere_virtual_machine",
                    "name": "course-freebsd9-ws01",
                    "provider_name": "vsphere",
                    "schema_version": 3,
                    "values": {
                        "alternate_guest_name": null,
                        "annotation": null,
                        "boot_delay": null,
                        "boot_retry_delay": 10000,
                        "boot_retry_enabled": null,
                        "cdrom": [],
                        "clone": [
                            {
                                "customize": [],
                                "linked_clone": true,
                                "template_uuid": "423c364f-b7a7-d1fd-dbf3-b7d0bba1e807",
                                "timeout": 30
                            }
                        ],
                        "cpu_hot_add_enabled": null,
                        "cpu_hot_remove_enabled": null,
                        "cpu_limit": -1,
                        "cpu_performance_counters_enabled": null,
                        "cpu_reservation": null,
                        "cpu_share_level": "normal",
                        "custom_attributes": null,
                        "datastore_cluster_id": null,
                        "datastore_id": "datastore-88",
                        "disk": [
                            {
                                "attach": false,
                                "datastore_id": "\u003ccomputed\u003e",
                                "disk_mode": "persistent",
                                "disk_sharing": "sharingNone",
                                "eagerly_scrub": false,
                                "io_limit": -1,
                                "io_reservation": 0,
                                "io_share_count": 0,
                                "io_share_level": "normal",
                                "keep_on_remove": false,
                                "key": 0,
                                "label": "disk0",
                                "name": null,
                                "size": 20,
                                "thin_provisioned": true,
                                "unit_number": 0,
                                "write_through": false
                            }
                        ],
                        "efi_secure_boot_enabled": null,
                        "enable_disk_uuid": null,
                        "enable_logging": null,
                        "ept_rvi_mode": "automatic",
                        "extra_config": {
                            "guestinfo.address": "122.66.12.28",
                            "guestinfo.dns": "122.66.12.10",
                            "guestinfo.emailsuffix": "student.io",
                            "guestinfo.gateway": "122.66.12.1",
                            "guestinfo.hostname": "WS01",
                            "guestinfo.netmask": "255.255.255.0",
                            "guestinfo.network": "122.66.12.0",
                            "guestinfo.stepadminpass": "Delicate@1",
                            "guestinfo.teamId": "925e2634-52b5-4492-ba5e-c800fe3401f1"
                        },
                        "firmware": "bios",
                        "folder": "general",
                        "force_power_off": true,
                        "guest_id": "freebsd64Guest",
                        "hv_mode": "hvAuto",
                        "ignored_guest_ips": null,
                        "latency_sensitivity": "normal",
                        "memory": 1024,
                        "memory_hot_add_enabled": null,
                        "memory_limit": -1,
                        "memory_reservation": null,
                        "memory_share_level": "normal",
                        "migrate_wait_timeout": 30,
                        "name": "course.freebsd9-6543b992-8df8-4ef9-88d3-dc255bb62a2e",
                        "nested_hv_enabled": null,
                        "network_interface": [
                            {
                                "adapter_type": "vmxnet3",
                                "bandwidth_limit": -1,
                                "bandwidth_reservation": 0,
                                "bandwidth_share_level": "normal",
                                "use_static_mac": null
                            }
                        ],
                        "num_cores_per_socket": 1,
                        "num_cpus": 1,
                        "resource_pool_id": "resgroup-740",
                        "run_tools_scripts_after_power_on": true,
                        "run_tools_scripts_after_resume": true,
                        "run_tools_scripts_before_guest_reboot": null,
                        "run_tools_scripts_before_guest_shutdown": true,
                        "run_tools_scripts_before_guest_standby": true,
                        "scsi_bus_sharing": "noSharing",
                        "scsi_controller_count": 1,
                        "scsi_type": "lsilogic",
                        "shutdown_wait_timeout": 1,
                        "swap_placement_policy": "inherit",
                        "sync_time_with_host": null,
                        "tags": null,
                        "vapp": [],
                        "wait_for_guest_ip_timeout": 0,
                        "wait_for_guest_net_routable": false,
                        "wait_for_guest_net_timeout": 0
                    }
                },
                {
                    "address": "vsphere_virtual_machine.course-sol11-ws01",
                    "mode": "managed",
                    "type": "vsphere_virtual_machine",
                    "name": "course-sol11-ws01",
                    "provider_name": "vsphere",
                    "schema_version": 3,
                    "values": {
                        "alternate_guest_name": null,
                        "annotation": null,
                        "boot_delay": null,
                        "boot_retry_delay": 10000,
                        "boot_retry_enabled": null,
                        "cdrom": [],
                        "clone": [
                            {
                                "customize": [],
                                "linked_clone": true,
                                "template_uuid": "423c0cbc-1a07-3a68-69ff-fe008312393e",
                                "timeout": 30
                            }
                        ],
                        "cpu_hot_add_enabled": null,
                        "cpu_hot_remove_enabled": null,
                        "cpu_limit": -1,
                        "cpu_performance_counters_enabled": null,
                        "cpu_reservation": null,
                        "cpu_share_level": "normal",
                        "custom_attributes": null,
                        "datastore_cluster_id": null,
                        "datastore_id": "datastore-88",
                        "disk": [
                            {
                                "attach": false,
                                "datastore_id": "\u003ccomputed\u003e",
                                "disk_mode": "persistent",
                                "disk_sharing": "sharingNone",
                                "eagerly_scrub": false,
                                "io_limit": -1,
                                "io_reservation": 0,
                                "io_share_count": 0,
                                "io_share_level": "normal",
                                "keep_on_remove": false,
                                "key": 0,
                                "label": "disk0",
                                "name": null,
                                "size": 20,
                                "thin_provisioned": true,
                                "unit_number": 0,
                                "write_through": false
                            }
                        ],
                        "efi_secure_boot_enabled": null,
                        "enable_disk_uuid": null,
                        "enable_logging": null,
                        "ept_rvi_mode": "automatic",
                        "extra_config": {
                            "guestinfo.address": "122.66.12.27",
                            "guestinfo.cidr": "24",
                            "guestinfo.dns": "122.66.12.10",
                            "guestinfo.emailsuffix": "abusama.tu",
                            "guestinfo.gateway": "122.66.12.1",
                            "guestinfo.hostname": "WS01",
                            "guestinfo.netmask": "255.255.255.0",
                            "guestinfo.network": "122.66.12.0",
                            "guestinfo.stepadminpass": "Delicate@1",
                            "guestinfo.teamId": "925e2634-52b5-4492-ba5e-c800fe3401f1"
                        },
                        "firmware": "bios",
                        "folder": "general",
                        "force_power_off": true,
                        "guest_id": "solaris11_64Guest",
                        "hv_mode": "hvAuto",
                        "ignored_guest_ips": null,
                        "latency_sensitivity": "normal",
                        "memory": 1024,
                        "memory_hot_add_enabled": null,
                        "memory_limit": -1,
                        "memory_reservation": null,
                        "memory_share_level": "normal",
                        "migrate_wait_timeout": 30,
                        "name": "course.sol11-6543b992-8df8-4ef9-88d3-dc255bb62a2e",
                        "nested_hv_enabled": null,
                        "network_interface": [
                            {
                                "adapter_type": "vmxnet3",
                                "bandwidth_limit": -1,
                                "bandwidth_reservation": 0,
                                "bandwidth_share_level": "normal",
                                "use_static_mac": null
                            }
                        ],
                        "num_cores_per_socket": 1,
                        "num_cpus": 1,
                        "resource_pool_id": "resgroup-740",
                        "run_tools_scripts_after_power_on": true,
                        "run_tools_scripts_after_resume": true,
                        "run_tools_scripts_before_guest_reboot": null,
                        "run_tools_scripts_before_guest_shutdown": true,
                        "run_tools_scripts_before_guest_standby": true,
                        "scsi_bus_sharing": "noSharing",
                        "scsi_controller_count": 1,
                        "scsi_type": "lsilogic",
                        "shutdown_wait_timeout": 1,
                        "swap_placement_policy": "inherit",
                        "sync_time_with_host": null,
                        "tags": null,
                        "vapp": [],
                        "wait_for_guest_ip_timeout": 0,
                        "wait_for_guest_net_routable": false,
                        "wait_for_guest_net_timeout": 0
                    }
                },
                {
                    "address": "vsphere_virtual_machine.course-ubuntu14-server",
                    "mode": "managed",
                    "type": "vsphere_virtual_machine",
                    "name": "course-ubuntu14-server",
                    "provider_name": "vsphere",
                    "schema_version": 3,
                    "values": {
                        "alternate_guest_name": null,
                        "annotation": null,
                        "boot_delay": null,
                        "boot_retry_delay": 10000,
                        "boot_retry_enabled": null,
                        "cdrom": [],
                        "clone": [
                            {
                                "customize": [],
                                "linked_clone": true,
                                "template_uuid": "423c9d30-a75f-b025-0acd-fa3cef2b753a",
                                "timeout": 30
                            }
                        ],
                        "cpu_hot_add_enabled": null,
                        "cpu_hot_remove_enabled": null,
                        "cpu_limit": -1,
                        "cpu_performance_counters_enabled": null,
                        "cpu_reservation": null,
                        "cpu_share_level": "normal",
                        "custom_attributes": null,
                        "datastore_cluster_id": null,
                        "datastore_id": "datastore-88",
                        "disk": [
                            {
                                "attach": false,
                                "datastore_id": "\u003ccomputed\u003e",
                                "disk_mode": "persistent",
                                "disk_sharing": "sharingNone",
                                "eagerly_scrub": false,
                                "io_limit": -1,
                                "io_reservation": 0,
                                "io_share_count": 0,
                                "io_share_level": "normal",
                                "keep_on_remove": false,
                                "key": 0,
                                "label": "disk0",
                                "name": null,
                                "size": 20,
                                "thin_provisioned": true,
                                "unit_number": 0,
                                "write_through": false
                            }
                        ],
                        "efi_secure_boot_enabled": null,
                        "enable_disk_uuid": null,
                        "enable_logging": null,
                        "ept_rvi_mode": "automatic",
                        "extra_config": {
                            "guestinfo.address": "122.66.12.38",
                            "guestinfo.dns": "122.66.12.10",
                            "guestinfo.emailsuffix": "abusama.tu",
                            "guestinfo.gateway": "122.66.12.1",
                            "guestinfo.hostname": "ubuntu14",
                            "guestinfo.netmask": "255.255.255.0",
                            "guestinfo.network": "122.66.12.0",
                            "guestinfo.stepadminpass": "Delicate@1",
                            "guestinfo.teamId": "925e2634-52b5-4492-ba5e-c800fe3401f1"
                        },
                        "firmware": "bios",
                        "folder": "general",
                        "force_power_off": true,
                        "guest_id": "ubuntu64Guest",
                        "hv_mode": "hvAuto",
                        "ignored_guest_ips": null,
                        "latency_sensitivity": "normal",
                        "memory": 1024,
                        "memory_hot_add_enabled": null,
                        "memory_limit": -1,
                        "memory_reservation": null,
                        "memory_share_level": "normal",
                        "migrate_wait_timeout": 30,
                        "name": "course.ubuntu14.server-6543b992-8df8-4ef9-88d3-dc255bb62a2e",
                        "nested_hv_enabled": null,
                        "network_interface": [
                            {
                                "adapter_type": "vmxnet3",
                                "bandwidth_limit": -1,
                                "bandwidth_reservation": 0,
                                "bandwidth_share_level": "normal",
                                "use_static_mac": null
                            }
                        ],
                        "num_cores_per_socket": 1,
                        "num_cpus": 1,
                        "resource_pool_id": "resgroup-740",
                        "run_tools_scripts_after_power_on": true,
                        "run_tools_scripts_after_resume": true,
                        "run_tools_scripts_before_guest_reboot": null,
                        "run_tools_scripts_before_guest_shutdown": true,
                        "run_tools_scripts_before_guest_standby": true,
                        "scsi_bus_sharing": "noSharing",
                        "scsi_controller_count": 1,
                        "scsi_type": "lsilogic",
                        "shutdown_wait_timeout": 1,
                        "swap_placement_policy": "inherit",
                        "sync_time_with_host": null,
                        "tags": null,
                        "vapp": [],
                        "wait_for_guest_ip_timeout": 0,
                        "wait_for_guest_net_routable": false,
                        "wait_for_guest_net_timeout": 0
                    }
                },
                {
                    "address": "vsphere_virtual_machine.course-ubuntu16-server",
                    "mode": "managed",
                    "type": "vsphere_virtual_machine",
                    "name": "course-ubuntu16-server",
                    "provider_name": "vsphere",
                    "schema_version": 3,
                    "values": {
                        "alternate_guest_name": null,
                        "annotation": null,
                        "boot_delay": null,
                        "boot_retry_delay": 10000,
                        "boot_retry_enabled": null,
                        "cdrom": [],
                        "clone": [
                            {
                                "customize": [],
                                "linked_clone": true,
                                "template_uuid": "423cf29d-3cd2-c721-734a-b8920d8cd56e",
                                "timeout": 30
                            }
                        ],
                        "cpu_hot_add_enabled": null,
                        "cpu_hot_remove_enabled": null,
                        "cpu_limit": -1,
                        "cpu_performance_counters_enabled": null,
                        "cpu_reservation": null,
                        "cpu_share_level": "normal",
                        "custom_attributes": null,
                        "datastore_cluster_id": null,
                        "datastore_id": "datastore-88",
                        "disk": [
                            {
                                "attach": false,
                                "datastore_id": "\u003ccomputed\u003e",
                                "disk_mode": "persistent",
                                "disk_sharing": "sharingNone",
                                "eagerly_scrub": false,
                                "io_limit": -1,
                                "io_reservation": 0,
                                "io_share_count": 0,
                                "io_share_level": "normal",
                                "keep_on_remove": false,
                                "key": 0,
                                "label": "disk0",
                                "name": null,
                                "size": 20,
                                "thin_provisioned": true,
                                "unit_number": 0,
                                "write_through": false
                            }
                        ],
                        "efi_secure_boot_enabled": null,
                        "enable_disk_uuid": null,
                        "enable_logging": null,
                        "ept_rvi_mode": "automatic",
                        "extra_config": {
                            "guestinfo.address": "122.66.12.39",
                            "guestinfo.dns": "122.66.12.31",
                            "guestinfo.emailsuffix": "abusama.tu",
                            "guestinfo.gateway": "122.16.12.1",
                            "guestinfo.hostname": "ubuntu16",
                            "guestinfo.mode": "static",
                            "guestinfo.netmask": "255.255.255.0",
                            "guestinfo.network": "122.66.12.0",
                            "guestinfo.stepadminpass": "Delicate@1",
                            "guestinfo.teamId": "925e2634-52b5-4492-ba5e-c800fe3401f1"
                        },
                        "firmware": "bios",
                        "folder": "general",
                        "force_power_off": true,
                        "guest_id": "ubuntu64Guest",
                        "hv_mode": "hvAuto",
                        "ignored_guest_ips": null,
                        "latency_sensitivity": "normal",
                        "memory": 1024,
                        "memory_hot_add_enabled": null,
                        "memory_limit": -1,
                        "memory_reservation": null,
                        "memory_share_level": "normal",
                        "migrate_wait_timeout": 30,
                        "name": "course.ubuntu16.server-6543b992-8df8-4ef9-88d3-dc255bb62a2e",
                        "nested_hv_enabled": null,
                        "network_interface": [
                            {
                                "adapter_type": "vmxnet3",
                                "bandwidth_limit": -1,
                                "bandwidth_reservation": 0,
                                "bandwidth_share_level": "normal",
                                "use_static_mac": null
                            }
                        ],
                        "num_cores_per_socket": 1,
                        "num_cpus": 1,
                        "resource_pool_id": "resgroup-740",
                        "run_tools_scripts_after_power_on": true,
                        "run_tools_scripts_after_resume": true,
                        "run_tools_scripts_before_guest_reboot": null,
                        "run_tools_scripts_before_guest_shutdown": true,
                        "run_tools_scripts_before_guest_standby": true,
                        "scsi_bus_sharing": "noSharing",
                        "scsi_controller_count": 1,
                        "scsi_type": "lsilogic",
                        "shutdown_wait_timeout": 1,
                        "swap_placement_policy": "inherit",
                        "sync_time_with_host": null,
                        "tags": null,
                        "vapp": [],
                        "wait_for_guest_ip_timeout": 0,
                        "wait_for_guest_net_routable": false,
                        "wait_for_guest_net_timeout": 0
                    }
                }
            ]
        }
    },
    "resource_changes": [
        {
            "address": "data.vsphere_network.course",
            "mode": "data",
            "type": "vsphere_network",
            "name": "course",
            "provider_name": "vsphere",
            "change": {
                "actions": [
                    "read"
                ],
                "before": null,
                "after": {
                    "datacenter_id": "datacenter-2"
                },
                "after_unknown": {
                    "id": true,
                    "name": true,
                    "type": true
                }
            }
        },
        {
            "address": "vsphere_host_port_group.course",
            "mode": "managed",
            "type": "vsphere_host_port_group",
            "name": "course",
            "provider_name": "vsphere",
            "change": {
                "actions": [
                    "create"
                ],
                "before": null,
                "after": {
                    "active_nics": null,
                    "allow_forged_transmits": null,
                    "allow_mac_changes": null,
                    "allow_promiscuous": null,
                    "check_beacon": null,
                    "failback": null,
                    "host_system_id": "host-87",
                    "notify_switches": null,
                    "shaping_average_bandwidth": null,
                    "shaping_burst_size": null,
                    "shaping_enabled": null,
                    "shaping_peak_bandwidth": null,
                    "standby_nics": null,
                    "teaming_policy": null,
                    "virtual_switch_name": "vSwitch-6543b992-8df8-4ef9-88d3",
                    "vlan_id": 0
                },
                "after_unknown": {
                    "computed_policy": true,
                    "id": true,
                    "key": true,
                    "name": true,
                    "ports": true
                }
            }
        },
        {
            "address": "vsphere_host_virtual_switch.switch",
            "mode": "managed",
            "type": "vsphere_host_virtual_switch",
            "name": "switch",
            "provider_name": "vsphere",
            "change": {
                "actions": [
                    "create"
                ],
                "before": null,
                "after": {
                    "active_nics": [],
                    "allow_forged_transmits": true,
                    "allow_mac_changes": true,
                    "allow_promiscuous": false,
                    "beacon_interval": 1,
                    "check_beacon": false,
                    "failback": true,
                    "host_system_id": "host-87",
                    "link_discovery_operation": "listen",
                    "link_discovery_protocol": "cdp",
                    "mtu": 1500,
                    "name": "vSwitch-6543b992-8df8-4ef9-88d3",
                    "network_adapters": [],
                    "notify_switches": true,
                    "number_of_ports": 128,
                    "shaping_average_bandwidth": null,
                    "shaping_burst_size": null,
                    "shaping_enabled": false,
                    "shaping_peak_bandwidth": null,
                    "standby_nics": [],
                    "teaming_policy": "loadbalance_srcid"
                },
                "after_unknown": {
                    "active_nics": [],
                    "id": true,
                    "network_adapters": [],
                    "standby_nics": []
                }
            }
        },
        {
            "address": "vsphere_virtual_machine.course-centos6-student",
            "mode": "managed",
            "type": "vsphere_virtual_machine",
            "name": "course-centos6-student",
            "provider_name": "vsphere",
            "change": {
                "actions": [
                    "create"
                ],
                "before": null,
                "after": {
                    "alternate_guest_name": null,
                    "annotation": null,
                    "boot_delay": null,
                    "boot_retry_delay": 10000,
                    "boot_retry_enabled": null,
                    "cdrom": [],
                    "clone": [
                        {
                            "customize": [],
                            "linked_clone": true,
                            "template_uuid": "423c9f2b-4dee-0c54-9abb-f87a0027bd71",
                            "timeout": 30
                        }
                    ],
                    "cpu_hot_add_enabled": null,
                    "cpu_hot_remove_enabled": null,
                    "cpu_limit": -1,
                    "cpu_performance_counters_enabled": null,
                    "cpu_reservation": null,
                    "cpu_share_level": "normal",
                    "custom_attributes": null,
                    "datastore_cluster_id": null,
                    "datastore_id": "datastore-88",
                    "disk": [
                        {
                            "attach": false,
                            "datastore_id": "\u003ccomputed\u003e",
                            "disk_mode": "persistent",
                            "disk_sharing": "sharingNone",
                            "eagerly_scrub": false,
                            "io_limit": -1,
                            "io_reservation": 0,
                            "io_share_count": 0,
                            "io_share_level": "normal",
                            "keep_on_remove": false,
                            "key": 0,
                            "label": "disk0",
                            "name": null,
                            "size": 50,
                            "thin_provisioned": true,
                            "unit_number": 0,
                            "write_through": false
                        }
                    ],
                    "efi_secure_boot_enabled": null,
                    "enable_disk_uuid": null,
                    "enable_logging": null,
                    "ept_rvi_mode": "automatic",
                    "extra_config": {
                        "guestinfo.address": "122.66.12.40",
                        "guestinfo.emailsuffix": "course.local",
                        "guestinfo.gateway": "122.66.12.1",
                        "guestinfo.hostname": "student",
                        "guestinfo.netmask": "255.255.255.0",
                        "guestinfo.network": "122.66.12.0",
                        "guestinfo.stepadminpass": "Delicate@1",
                        "guestinfo.teamId": "925e2634-52b5-4492-ba5e-c800fe3401f1",
                        "guestinfo.userId": "32",
                        "guestinfo.userName": "Andrew.Schlackman"
                    },
                    "firmware": "bios",
                    "folder": "general",
                    "force_power_off": true,
                    "guest_id": "rhel6_64Guest",
                    "hv_mode": "hvAuto",
                    "ignored_guest_ips": null,
                    "latency_sensitivity": "normal",
                    "memory": 1024,
                    "memory_hot_add_enabled": null,
                    "memory_limit": -1,
                    "memory_reservation": null,
                    "memory_share_level": "normal",
                    "migrate_wait_timeout": 30,
                    "name": "course.centos6.student-6543b992-8df8-4ef9-88d3-dc255bb62a2e",
                    "nested_hv_enabled": null,
                    "network_interface": [
                        {
                            "adapter_type": "vmxnet3",
                            "bandwidth_limit": -1,
                            "bandwidth_reservation": 0,
                            "bandwidth_share_level": "normal",
                            "use_static_mac": null
                        },
                        {
                            "adapter_type": "vmxnet3",
                            "bandwidth_limit": -1,
                            "bandwidth_reservation": 0,
                            "bandwidth_share_level": "normal",
                            "network_id": "network-202",
                            "use_static_mac": null
                        }
                    ],
                    "num_cores_per_socket": 1,
                    "num_cpus": 1,
                    "resource_pool_id": "resgroup-740",
                    "run_tools_scripts_after_power_on": true,
                    "run_tools_scripts_after_resume": true,
                    "run_tools_scripts_before_guest_reboot": null,
                    "run_tools_scripts_before_guest_shutdown": true,
                    "run_tools_scripts_before_guest_standby": true,
                    "scsi_bus_sharing": "noSharing",
                    "scsi_controller_count": 1,
                    "scsi_type": "lsilogic",
                    "shutdown_wait_timeout": 1,
                    "swap_placement_policy": "inherit",
                    "sync_time_with_host": null,
                    "tags": null,
                    "vapp": [],
                    "wait_for_guest_ip_timeout": 0,
                    "wait_for_guest_net_routable": false,
                    "wait_for_guest_net_timeout": 0
                },
                "after_unknown": {
                    "cdrom": [],
                    "change_version": true,
                    "clone": [
                        {
                            "customize": []
                        }
                    ],
                    "cpu_share_count": true,
                    "default_ip_address": true,
                    "disk": [
                        {
                            "device_address": true,
                            "path": true,
                            "uuid": true
                        }
                    ],
                    "extra_config": {},
                    "guest_ip_addresses": true,
                    "host_system_id": true,
                    "id": true,
                    "imported": true,
                    "memory_share_count": true,
                    "moid": true,
                    "network_interface": [
                        {
                            "bandwidth_share_count": true,
                            "device_address": true,
                            "key": true,
                            "mac_address": true,
                            "network_id": true
                        },
                        {
                            "bandwidth_share_count": true,
                            "device_address": true,
                            "key": true,
                            "mac_address": true
                        }
                    ],
                    "reboot_required": true,
                    "uuid": true,
                    "vapp": [],
                    "vapp_transport": true,
                    "vmware_tools_status": true,
                    "vmx_path": true
                }
            }
        },
        {
            "address": "vsphere_virtual_machine.course-centos7-server",
            "mode": "managed",
            "type": "vsphere_virtual_machine",
            "name": "course-centos7-server",
            "provider_name": "vsphere",
            "change": {
                "actions": [
                    "create"
                ],
                "before": null,
                "after": {
                    "alternate_guest_name": null,
                    "annotation": null,
                    "boot_delay": null,
                    "boot_retry_delay": 10000,
                    "boot_retry_enabled": null,
                    "cdrom": [],
                    "clone": [
                        {
                            "customize": [],
                            "linked_clone": true,
                            "template_uuid": "423c7128-9b19-524a-31dc-f99cec7e5242",
                            "timeout": 30
                        }
                    ],
                    "cpu_hot_add_enabled": null,
                    "cpu_hot_remove_enabled": null,
                    "cpu_limit": -1,
                    "cpu_performance_counters_enabled": null,
                    "cpu_reservation": null,
                    "cpu_share_level": "normal",
                    "custom_attributes": null,
                    "datastore_cluster_id": null,
                    "datastore_id": "datastore-88",
                    "disk": [
                        {
                            "attach": false,
                            "datastore_id": "\u003ccomputed\u003e",
                            "disk_mode": "persistent",
                            "disk_sharing": "sharingNone",
                            "eagerly_scrub": false,
                            "io_limit": -1,
                            "io_reservation": 0,
                            "io_share_count": 0,
                            "io_share_level": "normal",
                            "keep_on_remove": false,
                            "key": 0,
                            "label": "disk0",
                            "name": null,
                            "size": 20,
                            "thin_provisioned": true,
                            "unit_number": 0,
                            "write_through": false
                        }
                    ],
                    "efi_secure_boot_enabled": null,
                    "enable_disk_uuid": null,
                    "enable_logging": null,
                    "ept_rvi_mode": "automatic",
                    "extra_config": {
                        "guestinfo.address": "122.66.12.31",
                        "guestinfo.dns": "122.66.12.10",
                        "guestinfo.emailsuffix": "abusama.tu",
                        "guestinfo.gateway": "122.66.12.1",
                        "guestinfo.hostname": "centos7server",
                        "guestinfo.n1.dns": "122.66.12.31",
                        "guestinfo.n1.gateway": "122.66.12.1",
                        "guestinfo.n1.index": "2",
                        "guestinfo.n1.ip": "122.66.12.131",
                        "guestinfo.n1.mask": "255.255.255.0",
                        "guestinfo.n1.mode": "static",
                        "guestinfo.net.interfaces": "n1",
                        "guestinfo.netmask": "255.255.255.0",
                        "guestinfo.network": "122.66.12.0",
                        "guestinfo.stepadminpass": "Delicate@1",
                        "guestinfo.teamId": "925e2634-52b5-4492-ba5e-c800fe3401f1"
                    },
                    "firmware": "bios",
                    "folder": "general",
                    "force_power_off": true,
                    "guest_id": "rhel7_64Guest",
                    "hv_mode": "hvAuto",
                    "ignored_guest_ips": null,
                    "latency_sensitivity": "normal",
                    "memory": 1024,
                    "memory_hot_add_enabled": null,
                    "memory_limit": -1,
                    "memory_reservation": null,
                    "memory_share_level": "normal",
                    "migrate_wait_timeout": 30,
                    "name": "course.centos7.server-6543b992-8df8-4ef9-88d3-dc255bb62a2e",
                    "nested_hv_enabled": null,
                    "network_interface": [
                        {
                            "adapter_type": "vmxnet3",
                            "bandwidth_limit": -1,
                            "bandwidth_reservation": 0,
                            "bandwidth_share_level": "normal",
                            "use_static_mac": null
                        }
                    ],
                    "num_cores_per_socket": 1,
                    "num_cpus": 1,
                    "resource_pool_id": "resgroup-740",
                    "run_tools_scripts_after_power_on": true,
                    "run_tools_scripts_after_resume": true,
                    "run_tools_scripts_before_guest_reboot": null,
                    "run_tools_scripts_before_guest_shutdown": true,
                    "run_tools_scripts_before_guest_standby": true,
                    "scsi_bus_sharing": "noSharing",
                    "scsi_controller_count": 1,
                    "scsi_type": "lsilogic",
                    "shutdown_wait_timeout": 1,
                    "swap_placement_policy": "inherit",
                    "sync_time_with_host": null,
                    "tags": null,
                    "vapp": [],
                    "wait_for_guest_ip_timeout": 0,
                    "wait_for_guest_net_routable": false,
                    "wait_for_guest_net_timeout": 0
                },
                "after_unknown": {
                    "cdrom": [],
                    "change_version": true,
                    "clone": [
                        {
                            "customize": []
                        }
                    ],
                    "cpu_share_count": true,
                    "default_ip_address": true,
                    "disk": [
                        {
                            "device_address": true,
                            "path": true,
                            "uuid": true
                        }
                    ],
                    "extra_config": {},
                    "guest_ip_addresses": true,
                    "host_system_id": true,
                    "id": true,
                    "imported": true,
                    "memory_share_count": true,
                    "moid": true,
                    "network_interface": [
                        {
                            "bandwidth_share_count": true,
                            "device_address": true,
                            "key": true,
                            "mac_address": true,
                            "network_id": true
                        }
                    ],
                    "reboot_required": true,
                    "uuid": true,
                    "vapp": [],
                    "vapp_transport": true,
                    "vmware_tools_status": true,
                    "vmx_path": true
                }
            }
        },
        {
            "address": "vsphere_virtual_machine.course-freebsd10-ws01",
            "mode": "managed",
            "type": "vsphere_virtual_machine",
            "name": "course-freebsd10-ws01",
            "provider_name": "vsphere",
            "change": {
                "actions": [
                    "create"
                ],
                "before": null,
                "after": {
                    "alternate_guest_name": null,
                    "annotation": null,
                    "boot_delay": null,
                    "boot_retry_delay": 10000,
                    "boot_retry_enabled": null,
                    "cdrom": [],
                    "clone": [
                        {
                            "customize": [],
                            "linked_clone": true,
                            "template_uuid": "423cd271-2e52-e643-dd4e-194708d9983c",
                            "timeout": 30
                        }
                    ],
                    "cpu_hot_add_enabled": null,
                    "cpu_hot_remove_enabled": null,
                    "cpu_limit": -1,
                    "cpu_performance_counters_enabled": null,
                    "cpu_reservation": null,
                    "cpu_share_level": "normal",
                    "custom_attributes": null,
                    "datastore_cluster_id": null,
                    "datastore_id": "datastore-88",
                    "disk": [
                        {
                            "attach": false,
                            "datastore_id": "\u003ccomputed\u003e",
                            "disk_mode": "persistent",
                            "disk_sharing": "sharingNone",
                            "eagerly_scrub": false,
                            "io_limit": -1,
                            "io_reservation": 0,
                            "io_share_count": 0,
                            "io_share_level": "normal",
                            "keep_on_remove": false,
                            "key": 0,
                            "label": "disk0",
                            "name": null,
                            "size": 20,
                            "thin_provisioned": true,
                            "unit_number": 0,
                            "write_through": false
                        }
                    ],
                    "efi_secure_boot_enabled": null,
                    "enable_disk_uuid": null,
                    "enable_logging": null,
                    "ept_rvi_mode": "automatic",
                    "extra_config": {
                        "guestinfo.address": "122.66.12.29",
                        "guestinfo.dns": "122.66.12.10",
                        "guestinfo.emailsuffix": "student.io",
                        "guestinfo.gateway": "122.66.12.1",
                        "guestinfo.hostname": "WS01",
                        "guestinfo.netmask": "255.255.255.0",
                        "guestinfo.network": "122.66.12.0",
                        "guestinfo.stepadminpass": "Delicate@1",
                        "guestinfo.teamId": "925e2634-52b5-4492-ba5e-c800fe3401f1"
                    },
                    "firmware": "bios",
                    "folder": "general",
                    "force_power_off": true,
                    "guest_id": "freebsd64Guest",
                    "hv_mode": "hvAuto",
                    "ignored_guest_ips": null,
                    "latency_sensitivity": "normal",
                    "memory": 1024,
                    "memory_hot_add_enabled": null,
                    "memory_limit": -1,
                    "memory_reservation": null,
                    "memory_share_level": "normal",
                    "migrate_wait_timeout": 30,
                    "name": "course.freebsd10-6543b992-8df8-4ef9-88d3-dc255bb62a2e",
                    "nested_hv_enabled": null,
                    "network_interface": [
                        {
                            "adapter_type": "vmxnet3",
                            "bandwidth_limit": -1,
                            "bandwidth_reservation": 0,
                            "bandwidth_share_level": "normal",
                            "use_static_mac": null
                        }
                    ],
                    "num_cores_per_socket": 1,
                    "num_cpus": 1,
                    "resource_pool_id": "resgroup-740",
                    "run_tools_scripts_after_power_on": true,
                    "run_tools_scripts_after_resume": true,
                    "run_tools_scripts_before_guest_reboot": null,
                    "run_tools_scripts_before_guest_shutdown": true,
                    "run_tools_scripts_before_guest_standby": true,
                    "scsi_bus_sharing": "noSharing",
                    "scsi_controller_count": 1,
                    "scsi_type": "lsilogic",
                    "shutdown_wait_timeout": 1,
                    "swap_placement_policy": "inherit",
                    "sync_time_with_host": null,
                    "tags": null,
                    "vapp": [],
                    "wait_for_guest_ip_timeout": 0,
                    "wait_for_guest_net_routable": false,
                    "wait_for_guest_net_timeout": 0
                },
                "after_unknown": {
                    "cdrom": [],
                    "change_version": true,
                    "clone": [
                        {
                            "customize": []
                        }
                    ],
                    "cpu_share_count": true,
                    "default_ip_address": true,
                    "disk": [
                        {
                            "device_address": true,
                            "path": true,
                            "uuid": true
                        }
                    ],
                    "extra_config": {},
                    "guest_ip_addresses": true,
                    "host_system_id": true,
                    "id": true,
                    "imported": true,
                    "memory_share_count": true,
                    "moid": true,
                    "network_interface": [
                        {
                            "bandwidth_share_count": true,
                            "device_address": true,
                            "key": true,
                            "mac_address": true,
                            "network_id": true
                        }
                    ],
                    "reboot_required": true,
                    "uuid": true,
                    "vapp": [],
                    "vapp_transport": true,
                    "vmware_tools_status": true,
                    "vmx_path": true
                }
            }
        },
        {
            "address": "vsphere_virtual_machine.course-freebsd9-ws01",
            "mode": "managed",
            "type": "vsphere_virtual_machine",
            "name": "course-freebsd9-ws01",
            "provider_name": "vsphere",
            "change": {
                "actions": [
                    "create"
                ],
                "before": null,
                "after": {
                    "alternate_guest_name": null,
                    "annotation": null,
                    "boot_delay": null,
                    "boot_retry_delay": 10000,
                    "boot_retry_enabled": null,
                    "cdrom": [],
                    "clone": [
                        {
                            "customize": [],
                            "linked_clone": true,
                            "template_uuid": "423c364f-b7a7-d1fd-dbf3-b7d0bba1e807",
                            "timeout": 30
                        }
                    ],
                    "cpu_hot_add_enabled": null,
                    "cpu_hot_remove_enabled": null,
                    "cpu_limit": -1,
                    "cpu_performance_counters_enabled": null,
                    "cpu_reservation": null,
                    "cpu_share_level": "normal",
                    "custom_attributes": null,
                    "datastore_cluster_id": null,
                    "datastore_id": "datastore-88",
                    "disk": [
                        {
                            "attach": false,
                            "datastore_id": "\u003ccomputed\u003e",
                            "disk_mode": "persistent",
                            "disk_sharing": "sharingNone",
                            "eagerly_scrub": false,
                            "io_limit": -1,
                            "io_reservation": 0,
                            "io_share_count": 0,
                            "io_share_level": "normal",
                            "keep_on_remove": false,
                            "key": 0,
                            "label": "disk0",
                            "name": null,
                            "size": 20,
                            "thin_provisioned": true,
                            "unit_number": 0,
                            "write_through": false
                        }
                    ],
                    "efi_secure_boot_enabled": null,
                    "enable_disk_uuid": null,
                    "enable_logging": null,
                    "ept_rvi_mode": "automatic",
                    "extra_config": {
                        "guestinfo.address": "122.66.12.28",
                        "guestinfo.dns": "122.66.12.10",
                        "guestinfo.emailsuffix": "student.io",
                        "guestinfo.gateway": "122.66.12.1",
                        "guestinfo.hostname": "WS01",
                        "guestinfo.netmask": "255.255.255.0",
                        "guestinfo.network": "122.66.12.0",
                        "guestinfo.stepadminpass": "Delicate@1",
                        "guestinfo.teamId": "925e2634-52b5-4492-ba5e-c800fe3401f1"
                    },
                    "firmware": "bios",
                    "folder": "general",
                    "force_power_off": true,
                    "guest_id": "freebsd64Guest",
                    "hv_mode": "hvAuto",
                    "ignored_guest_ips": null,
                    "latency_sensitivity": "normal",
                    "memory": 1024,
                    "memory_hot_add_enabled": null,
                    "memory_limit": -1,
                    "memory_reservation": null,
                    "memory_share_level": "normal",
                    "migrate_wait_timeout": 30,
                    "name": "course.freebsd9-6543b992-8df8-4ef9-88d3-dc255bb62a2e",
                    "nested_hv_enabled": null,
                    "network_interface": [
                        {
                            "adapter_type": "vmxnet3",
                            "bandwidth_limit": -1,
                            "bandwidth_reservation": 0,
                            "bandwidth_share_level": "normal",
                            "use_static_mac": null
                        }
                    ],
                    "num_cores_per_socket": 1,
                    "num_cpus": 1,
                    "resource_pool_id": "resgroup-740",
                    "run_tools_scripts_after_power_on": true,
                    "run_tools_scripts_after_resume": true,
                    "run_tools_scripts_before_guest_reboot": null,
                    "run_tools_scripts_before_guest_shutdown": true,
                    "run_tools_scripts_before_guest_standby": true,
                    "scsi_bus_sharing": "noSharing",
                    "scsi_controller_count": 1,
                    "scsi_type": "lsilogic",
                    "shutdown_wait_timeout": 1,
                    "swap_placement_policy": "inherit",
                    "sync_time_with_host": null,
                    "tags": null,
                    "vapp": [],
                    "wait_for_guest_ip_timeout": 0,
                    "wait_for_guest_net_routable": false,
                    "wait_for_guest_net_timeout": 0
                },
                "after_unknown": {
                    "cdrom": [],
                    "change_version": true,
                    "clone": [
                        {
                            "customize": []
                        }
                    ],
                    "cpu_share_count": true,
                    "default_ip_address": true,
                    "disk": [
                        {
                            "device_address": true,
                            "path": true,
                            "uuid": true
                        }
                    ],
                    "extra_config": {},
                    "guest_ip_addresses": true,
                    "host_system_id": true,
                    "id": true,
                    "imported": true,
                    "memory_share_count": true,
                    "moid": true,
                    "network_interface": [
                        {
                            "bandwidth_share_count": true,
                            "device_address": true,
                            "key": true,
                            "mac_address": true,
                            "network_id": true
                        }
                    ],
                    "reboot_required": true,
                    "uuid": true,
                    "vapp": [],
                    "vapp_transport": true,
                    "vmware_tools_status": true,
                    "vmx_path": true
                }
            }
        },
        {
            "address": "vsphere_virtual_machine.course-sol11-ws01",
            "mode": "managed",
            "type": "vsphere_virtual_machine",
            "name": "course-sol11-ws01",
            "provider_name": "vsphere",
            "change": {
                "actions": [
                    "create"
                ],
                "before": null,
                "after": {
                    "alternate_guest_name": null,
                    "annotation": null,
                    "boot_delay": null,
                    "boot_retry_delay": 10000,
                    "boot_retry_enabled": null,
                    "cdrom": [],
                    "clone": [
                        {
                            "customize": [],
                            "linked_clone": true,
                            "template_uuid": "423c0cbc-1a07-3a68-69ff-fe008312393e",
                            "timeout": 30
                        }
                    ],
                    "cpu_hot_add_enabled": null,
                    "cpu_hot_remove_enabled": null,
                    "cpu_limit": -1,
                    "cpu_performance_counters_enabled": null,
                    "cpu_reservation": null,
                    "cpu_share_level": "normal",
                    "custom_attributes": null,
                    "datastore_cluster_id": null,
                    "datastore_id": "datastore-88",
                    "disk": [
                        {
                            "attach": false,
                            "datastore_id": "\u003ccomputed\u003e",
                            "disk_mode": "persistent",
                            "disk_sharing": "sharingNone",
                            "eagerly_scrub": false,
                            "io_limit": -1,
                            "io_reservation": 0,
                            "io_share_count": 0,
                            "io_share_level": "normal",
                            "keep_on_remove": false,
                            "key": 0,
                            "label": "disk0",
                            "name": null,
                            "size": 20,
                            "thin_provisioned": true,
                            "unit_number": 0,
                            "write_through": false
                        }
                    ],
                    "efi_secure_boot_enabled": null,
                    "enable_disk_uuid": null,
                    "enable_logging": null,
                    "ept_rvi_mode": "automatic",
                    "extra_config": {
                        "guestinfo.address": "122.66.12.27",
                        "guestinfo.cidr": "24",
                        "guestinfo.dns": "122.66.12.10",
                        "guestinfo.emailsuffix": "abusama.tu",
                        "guestinfo.gateway": "122.66.12.1",
                        "guestinfo.hostname": "WS01",
                        "guestinfo.netmask": "255.255.255.0",
                        "guestinfo.network": "122.66.12.0",
                        "guestinfo.stepadminpass": "Delicate@1",
                        "guestinfo.teamId": "925e2634-52b5-4492-ba5e-c800fe3401f1"
                    },
                    "firmware": "bios",
                    "folder": "general",
                    "force_power_off": true,
                    "guest_id": "solaris11_64Guest",
                    "hv_mode": "hvAuto",
                    "ignored_guest_ips": null,
                    "latency_sensitivity": "normal",
                    "memory": 1024,
                    "memory_hot_add_enabled": null,
                    "memory_limit": -1,
                    "memory_reservation": null,
                    "memory_share_level": "normal",
                    "migrate_wait_timeout": 30,
                    "name": "course.sol11-6543b992-8df8-4ef9-88d3-dc255bb62a2e",
                    "nested_hv_enabled": null,
                    "network_interface": [
                        {
                            "adapter_type": "vmxnet3",
                            "bandwidth_limit": -1,
                            "bandwidth_reservation": 0,
                            "bandwidth_share_level": "normal",
                            "use_static_mac": null
                        }
                    ],
                    "num_cores_per_socket": 1,
                    "num_cpus": 1,
                    "resource_pool_id": "resgroup-740",
                    "run_tools_scripts_after_power_on": true,
                    "run_tools_scripts_after_resume": true,
                    "run_tools_scripts_before_guest_reboot": null,
                    "run_tools_scripts_before_guest_shutdown": true,
                    "run_tools_scripts_before_guest_standby": true,
                    "scsi_bus_sharing": "noSharing",
                    "scsi_controller_count": 1,
                    "scsi_type": "lsilogic",
                    "shutdown_wait_timeout": 1,
                    "swap_placement_policy": "inherit",
                    "sync_time_with_host": null,
                    "tags": null,
                    "vapp": [],
                    "wait_for_guest_ip_timeout": 0,
                    "wait_for_guest_net_routable": false,
                    "wait_for_guest_net_timeout": 0
                },
                "after_unknown": {
                    "cdrom": [],
                    "change_version": true,
                    "clone": [
                        {
                            "customize": []
                        }
                    ],
                    "cpu_share_count": true,
                    "default_ip_address": true,
                    "disk": [
                        {
                            "device_address": true,
                            "path": true,
                            "uuid": true
                        }
                    ],
                    "extra_config": {},
                    "guest_ip_addresses": true,
                    "host_system_id": true,
                    "id": true,
                    "imported": true,
                    "memory_share_count": true,
                    "moid": true,
                    "network_interface": [
                        {
                            "bandwidth_share_count": true,
                            "device_address": true,
                            "key": true,
                            "mac_address": true,
                            "network_id": true
                        }
                    ],
                    "reboot_required": true,
                    "uuid": true,
                    "vapp": [],
                    "vapp_transport": true,
                    "vmware_tools_status": true,
                    "vmx_path": true
                }
            }
        },
        {
            "address": "vsphere_virtual_machine.course-ubuntu14-server",
            "mode": "managed",
            "type": "vsphere_virtual_machine",
            "name": "course-ubuntu14-server",
            "provider_name": "vsphere",
            "change": {
                "actions": [
                    "create"
                ],
                "before": null,
                "after": {
                    "alternate_guest_name": null,
                    "annotation": null,
                    "boot_delay": null,
                    "boot_retry_delay": 10000,
                    "boot_retry_enabled": null,
                    "cdrom": [],
                    "clone": [
                        {
                            "customize": [],
                            "linked_clone": true,
                            "template_uuid": "423c9d30-a75f-b025-0acd-fa3cef2b753a",
                            "timeout": 30
                        }
                    ],
                    "cpu_hot_add_enabled": null,
                    "cpu_hot_remove_enabled": null,
                    "cpu_limit": -1,
                    "cpu_performance_counters_enabled": null,
                    "cpu_reservation": null,
                    "cpu_share_level": "normal",
                    "custom_attributes": null,
                    "datastore_cluster_id": null,
                    "datastore_id": "datastore-88",
                    "disk": [
                        {
                            "attach": false,
                            "datastore_id": "\u003ccomputed\u003e",
                            "disk_mode": "persistent",
                            "disk_sharing": "sharingNone",
                            "eagerly_scrub": false,
                            "io_limit": -1,
                            "io_reservation": 0,
                            "io_share_count": 0,
                            "io_share_level": "normal",
                            "keep_on_remove": false,
                            "key": 0,
                            "label": "disk0",
                            "name": null,
                            "size": 20,
                            "thin_provisioned": true,
                            "unit_number": 0,
                            "write_through": false
                        }
                    ],
                    "efi_secure_boot_enabled": null,
                    "enable_disk_uuid": null,
                    "enable_logging": null,
                    "ept_rvi_mode": "automatic",
                    "extra_config": {
                        "guestinfo.address": "122.66.12.38",
                        "guestinfo.dns": "122.66.12.10",
                        "guestinfo.emailsuffix": "abusama.tu",
                        "guestinfo.gateway": "122.66.12.1",
                        "guestinfo.hostname": "ubuntu14",
                        "guestinfo.netmask": "255.255.255.0",
                        "guestinfo.network": "122.66.12.0",
                        "guestinfo.stepadminpass": "Delicate@1",
                        "guestinfo.teamId": "925e2634-52b5-4492-ba5e-c800fe3401f1"
                    },
                    "firmware": "bios",
                    "folder": "general",
                    "force_power_off": true,
                    "guest_id": "ubuntu64Guest",
                    "hv_mode": "hvAuto",
                    "ignored_guest_ips": null,
                    "latency_sensitivity": "normal",
                    "memory": 1024,
                    "memory_hot_add_enabled": null,
                    "memory_limit": -1,
                    "memory_reservation": null,
                    "memory_share_level": "normal",
                    "migrate_wait_timeout": 30,
                    "name": "course.ubuntu14.server-6543b992-8df8-4ef9-88d3-dc255bb62a2e",
                    "nested_hv_enabled": null,
                    "network_interface": [
                        {
                            "adapter_type": "vmxnet3",
                            "bandwidth_limit": -1,
                            "bandwidth_reservation": 0,
                            "bandwidth_share_level": "normal",
                            "use_static_mac": null
                        }
                    ],
                    "num_cores_per_socket": 1,
                    "num_cpus": 1,
                    "resource_pool_id": "resgroup-740",
                    "run_tools_scripts_after_power_on": true,
                    "run_tools_scripts_after_resume": true,
                    "run_tools_scripts_before_guest_reboot": null,
                    "run_tools_scripts_before_guest_shutdown": true,
                    "run_tools_scripts_before_guest_standby": true,
                    "scsi_bus_sharing": "noSharing",
                    "scsi_controller_count": 1,
                    "scsi_type": "lsilogic",
                    "shutdown_wait_timeout": 1,
                    "swap_placement_policy": "inherit",
                    "sync_time_with_host": null,
                    "tags": null,
                    "vapp": [],
                    "wait_for_guest_ip_timeout": 0,
                    "wait_for_guest_net_routable": false,
                    "wait_for_guest_net_timeout": 0
                },
                "after_unknown": {
                    "cdrom": [],
                    "change_version": true,
                    "clone": [
                        {
                            "customize": []
                        }
                    ],
                    "cpu_share_count": true,
                    "default_ip_address": true,
                    "disk": [
                        {
                            "device_address": true,
                            "path": true,
                            "uuid": true
                        }
                    ],
                    "extra_config": {},
                    "guest_ip_addresses": true,
                    "host_system_id": true,
                    "id": true,
                    "imported": true,
                    "memory_share_count": true,
                    "moid": true,
                    "network_interface": [
                        {
                            "bandwidth_share_count": true,
                            "device_address": true,
                            "key": true,
                            "mac_address": true,
                            "network_id": true
                        }
                    ],
                    "reboot_required": true,
                    "uuid": true,
                    "vapp": [],
                    "vapp_transport": true,
                    "vmware_tools_status": true,
                    "vmx_path": true
                }
            }
        },
        {
            "address": "vsphere_virtual_machine.course-ubuntu16-server",
            "mode": "managed",
            "type": "vsphere_virtual_machine",
            "name": "course-ubuntu16-server",
            "provider_name": "vsphere",
            "change": {
                "actions": [
                    "create"
                ],
                "before": null,
                "after": {
                    "alternate_guest_name": null,
                    "annotation": null,
                    "boot_delay": null,
                    "boot_retry_delay": 10000,
                    "boot_retry_enabled": null,
                    "cdrom": [],
                    "clone": [
                        {
                            "customize": [],
                            "linked_clone": true,
                            "template_uuid": "423cf29d-3cd2-c721-734a-b8920d8cd56e",
                            "timeout": 30
                        }
                    ],
                    "cpu_hot_add_enabled": null,
                    "cpu_hot_remove_enabled": null,
                    "cpu_limit": -1,
                    "cpu_performance_counters_enabled": null,
                    "cpu_reservation": null,
                    "cpu_share_level": "normal",
                    "custom_attributes": null,
                    "datastore_cluster_id": null,
                    "datastore_id": "datastore-88",
                    "disk": [
                        {
                            "attach": false,
                            "datastore_id": "\u003ccomputed\u003e",
                            "disk_mode": "persistent",
                            "disk_sharing": "sharingNone",
                            "eagerly_scrub": false,
                            "io_limit": -1,
                            "io_reservation": 0,
                            "io_share_count": 0,
                            "io_share_level": "normal",
                            "keep_on_remove": false,
                            "key": 0,
                            "label": "disk0",
                            "name": null,
                            "size": 20,
                            "thin_provisioned": true,
                            "unit_number": 0,
                            "write_through": false
                        }
                    ],
                    "efi_secure_boot_enabled": null,
                    "enable_disk_uuid": null,
                    "enable_logging": null,
                    "ept_rvi_mode": "automatic",
                    "extra_config": {
                        "guestinfo.address": "122.66.12.39",
                        "guestinfo.dns": "122.66.12.31",
                        "guestinfo.emailsuffix": "abusama.tu",
                        "guestinfo.gateway": "122.16.12.1",
                        "guestinfo.hostname": "ubuntu16",
                        "guestinfo.mode": "static",
                        "guestinfo.netmask": "255.255.255.0",
                        "guestinfo.network": "122.66.12.0",
                        "guestinfo.stepadminpass": "Delicate@1",
                        "guestinfo.teamId": "925e2634-52b5-4492-ba5e-c800fe3401f1"
                    },
                    "firmware": "bios",
                    "folder": "general",
                    "force_power_off": true,
                    "guest_id": "ubuntu64Guest",
                    "hv_mode": "hvAuto",
                    "ignored_guest_ips": null,
                    "latency_sensitivity": "normal",
                    "memory": 1024,
                    "memory_hot_add_enabled": null,
                    "memory_limit": -1,
                    "memory_reservation": null,
                    "memory_share_level": "normal",
                    "migrate_wait_timeout": 30,
                    "name": "course.ubuntu16.server-6543b992-8df8-4ef9-88d3-dc255bb62a2e",
                    "nested_hv_enabled": null,
                    "network_interface": [
                        {
                            "adapter_type": "vmxnet3",
                            "bandwidth_limit": -1,
                            "bandwidth_reservation": 0,
                            "bandwidth_share_level": "normal",
                            "use_static_mac": null
                        }
                    ],
                    "num_cores_per_socket": 1,
                    "num_cpus": 1,
                    "resource_pool_id": "resgroup-740",
                    "run_tools_scripts_after_power_on": true,
                    "run_tools_scripts_after_resume": true,
                    "run_tools_scripts_before_guest_reboot": null,
                    "run_tools_scripts_before_guest_shutdown": true,
                    "run_tools_scripts_before_guest_standby": true,
                    "scsi_bus_sharing": "noSharing",
                    "scsi_controller_count": 1,
                    "scsi_type": "lsilogic",
                    "shutdown_wait_timeout": 1,
                    "swap_placement_policy": "inherit",
                    "sync_time_with_host": null,
                    "tags": null,
                    "vapp": [],
                    "wait_for_guest_ip_timeout": 0,
                    "wait_for_guest_net_routable": false,
                    "wait_for_guest_net_timeout": 0
                },
                "after_unknown": {
                    "cdrom": [],
                    "change_version": true,
                    "clone": [
                        {
                            "customize": []
                        }
                    ],
                    "cpu_share_count": true,
                    "default_ip_address": true,
                    "disk": [
                        {
                            "device_address": true,
                            "path": true,
                            "uuid": true
                        }
                    ],
                    "extra_config": {},
                    "guest_ip_addresses": true,
                    "host_system_id": true,
                    "id": true,
                    "imported": true,
                    "memory_share_count": true,
                    "moid": true,
                    "network_interface": [
                        {
                            "bandwidth_share_count": true,
                            "device_address": true,
                            "key": true,
                            "mac_address": true,
                            "network_id": true
                        }
                    ],
                    "reboot_required": true,
                    "uuid": true,
                    "vapp": [],
                    "vapp_transport": true,
                    "vmware_tools_status": true,
                    "vmx_path": true
                }
            }
        }
    ],
    "prior_state": {
        "format_version": "0.1",
        "terraform_version": "0.12.7",
        "values": {
            "root_module": {
                "resources": [
                    {
                        "address": "data.vsphere_datacenter.dc",
                        "mode": "data",
                        "type": "vsphere_datacenter",
                        "name": "dc",
                        "provider_name": "vsphere",
                        "schema_version": 0,
                        "values": {
                            "id": "datacenter-2",
                            "name": "datacenter"
                        }
                    },
                    {
                        "address": "data.vsphere_datastore.datastore",
                        "mode": "data",
                        "type": "vsphere_datastore",
                        "name": "datastore",
                        "provider_name": "vsphere",
                        "schema_version": 0,
                        "values": {
                            "datacenter_id": "datacenter-2",
                            "id": "datastore-88",
                            "name": "local-a12"
                        },
                        "depends_on": [
                            "data.vsphere_datacenter.dc"
                        ]
                    },
                    {
                        "address": "data.vsphere_datastore.iso_datastore",
                        "mode": "data",
                        "type": "vsphere_datastore",
                        "name": "iso_datastore",
                        "provider_name": "vsphere",
                        "schema_version": 0,
                        "values": {
                            "datacenter_id": "datacenter-2",
                            "id": "datastore-177",
                            "name": "a15-iso"
                        },
                        "depends_on": [
                            "data.vsphere_datacenter.dc"
                        ]
                    },
                    {
                        "address": "data.vsphere_host.host",
                        "mode": "data",
                        "type": "vsphere_host",
                        "name": "host",
                        "provider_name": "vsphere",
                        "schema_version": 0,
                        "values": {
                            "datacenter_id": "datacenter-2",
                            "id": "host-87",
                            "name": "vcenter-host",
                            "resource_pool_id": "resgroup-740"
                        },
                        "depends_on": [
                            "data.vsphere_datacenter.dc"
                        ]
                    },
                    {
                        "address": "data.vsphere_network.course-net",
                        "mode": "data",
                        "type": "vsphere_network",
                        "name": "course-net",
                        "provider_name": "vsphere",
                        "schema_version": 0,
                        "values": {
                            "datacenter_id": "datacenter-2",
                            "id": "network-202",
                            "name": "course-net",
                            "type": "Network"
                        },
                        "depends_on": [
                            "data.vsphere_datacenter.dc"
                        ]
                    },
                    {
                        "address": "data.vsphere_virtual_machine.lab1-centos7server-template",
                        "mode": "data",
                        "type": "vsphere_virtual_machine",
                        "name": "lab1-centos7server-template",
                        "provider_name": "vsphere",
                        "schema_version": 0,
                        "values": {
                            "alternate_guest_name": "",
                            "datacenter_id": "datacenter-2",
                            "disks": [
                                {
                                    "eagerly_scrub": false,
                                    "size": 20,
                                    "thin_provisioned": true
                                }
                            ],
                            "firmware": "bios",
                            "guest_id": "rhel7_64Guest",
                            "id": "423c7128-9b19-524a-31dc-f99cec7e5242",
                            "name": "course.labs.lab1.centos7server.template",
                            "network_interface_types": [
                                "vmxnet3"
                            ],
                            "scsi_bus_sharing": "noSharing",
                            "scsi_controller_scan_count": 1,
                            "scsi_type": "pvscsi"
                        },
                        "depends_on": [
                            "data.vsphere_datacenter.dc"
                        ]
                    },
                    {
                        "address": "data.vsphere_virtual_machine.lab1-freebsd10-template",
                        "mode": "data",
                        "type": "vsphere_virtual_machine",
                        "name": "lab1-freebsd10-template",
                        "provider_name": "vsphere",
                        "schema_version": 0,
                        "values": {
                            "alternate_guest_name": "",
                            "datacenter_id": "datacenter-2",
                            "disks": [
                                {
                                    "eagerly_scrub": false,
                                    "size": 20,
                                    "thin_provisioned": true
                                }
                            ],
                            "firmware": "bios",
                            "guest_id": "freebsd64Guest",
                            "id": "423cd271-2e52-e643-dd4e-194708d9983c",
                            "name": "course.labs.lab1.freebsd10.template",
                            "network_interface_types": [
                                "e1000"
                            ],
                            "scsi_bus_sharing": "noSharing",
                            "scsi_controller_scan_count": 1,
                            "scsi_type": "lsilogic"
                        },
                        "depends_on": [
                            "data.vsphere_datacenter.dc"
                        ]
                    },
                    {
                        "address": "data.vsphere_virtual_machine.lab1-freebsd9-template",
                        "mode": "data",
                        "type": "vsphere_virtual_machine",
                        "name": "lab1-freebsd9-template",
                        "provider_name": "vsphere",
                        "schema_version": 0,
                        "values": {
                            "alternate_guest_name": "",
                            "datacenter_id": "datacenter-2",
                            "disks": [
                                {
                                    "eagerly_scrub": false,
                                    "size": 20,
                                    "thin_provisioned": true
                                }
                            ],
                            "firmware": "bios",
                            "guest_id": "freebsd64Guest",
                            "id": "423c364f-b7a7-d1fd-dbf3-b7d0bba1e807",
                            "name": "course.labs.lab1.freebsd9.template",
                            "network_interface_types": [
                                "e1000"
                            ],
                            "scsi_bus_sharing": "noSharing",
                            "scsi_controller_scan_count": 1,
                            "scsi_type": "lsilogic"
                        },
                        "depends_on": [
                            "data.vsphere_datacenter.dc"
                        ]
                    },
                    {
                        "address": "data.vsphere_virtual_machine.lab1-solaris10-template",
                        "mode": "data",
                        "type": "vsphere_virtual_machine",
                        "name": "lab1-solaris10-template",
                        "provider_name": "vsphere",
                        "schema_version": 0,
                        "values": {
                            "alternate_guest_name": "",
                            "datacenter_id": "datacenter-2",
                            "disks": [
                                {
                                    "eagerly_scrub": false,
                                    "size": 10,
                                    "thin_provisioned": true
                                }
                            ],
                            "firmware": "bios",
                            "guest_id": "solaris10_64Guest",
                            "id": "423c52cc-12d5-148e-bb70-68fe64c57064",
                            "name": "course.labs.lab1.sol10.template",
                            "network_interface_types": [
                                "e1000"
                            ],
                            "scsi_bus_sharing": "noSharing",
                            "scsi_controller_scan_count": 1,
                            "scsi_type": "lsilogic"
                        },
                        "depends_on": [
                            "data.vsphere_datacenter.dc"
                        ]
                    },
                    {
                        "address": "data.vsphere_virtual_machine.lab1-solaris11-template",
                        "mode": "data",
                        "type": "vsphere_virtual_machine",
                        "name": "lab1-solaris11-template",
                        "provider_name": "vsphere",
                        "schema_version": 0,
                        "values": {
                            "alternate_guest_name": "",
                            "datacenter_id": "datacenter-2",
                            "disks": [
                                {
                                    "eagerly_scrub": false,
                                    "size": 20,
                                    "thin_provisioned": true
                                }
                            ],
                            "firmware": "bios",
                            "guest_id": "solaris11_64Guest",
                            "id": "423c0cbc-1a07-3a68-69ff-fe008312393e",
                            "name": "course.labs.lab1.sol11.template",
                            "network_interface_types": [
                                "e1000"
                            ],
                            "scsi_bus_sharing": "noSharing",
                            "scsi_controller_scan_count": 1,
                            "scsi_type": "lsilogic"
                        },
                        "depends_on": [
                            "data.vsphere_datacenter.dc"
                        ]
                    },
                    {
                        "address": "data.vsphere_virtual_machine.lab1-student-centos6-template",
                        "mode": "data",
                        "type": "vsphere_virtual_machine",
                        "name": "lab1-student-centos6-template",
                        "provider_name": "vsphere",
                        "schema_version": 0,
                        "values": {
                            "alternate_guest_name": "",
                            "datacenter_id": "datacenter-2",
                            "disks": [
                                {
                                    "eagerly_scrub": false,
                                    "size": 50,
                                    "thin_provisioned": true
                                }
                            ],
                            "firmware": "bios",
                            "guest_id": "rhel6_64Guest",
                            "id": "423c9f2b-4dee-0c54-9abb-f87a0027bd71",
                            "name": "course.labs.lab1.student.template",
                            "network_interface_types": [
                                "vmxnet3",
                                "vmxnet3"
                            ],
                            "scsi_bus_sharing": "noSharing",
                            "scsi_controller_scan_count": 1,
                            "scsi_type": "pvscsi"
                        },
                        "depends_on": [
                            "data.vsphere_datacenter.dc"
                        ]
                    },
                    {
                        "address": "data.vsphere_virtual_machine.lab1-ubuntu14-server-template",
                        "mode": "data",
                        "type": "vsphere_virtual_machine",
                        "name": "lab1-ubuntu14-server-template",
                        "provider_name": "vsphere",
                        "schema_version": 0,
                        "values": {
                            "alternate_guest_name": "",
                            "datacenter_id": "datacenter-2",
                            "disks": [
                                {
                                    "eagerly_scrub": false,
                                    "size": 20,
                                    "thin_provisioned": true
                                }
                            ],
                            "firmware": "bios",
                            "guest_id": "ubuntu64Guest",
                            "id": "423c9d30-a75f-b025-0acd-fa3cef2b753a",
                            "name": "course.labs.lab1.ubuntu14server.template",
                            "network_interface_types": [
                                "vmxnet3"
                            ],
                            "scsi_bus_sharing": "noSharing",
                            "scsi_controller_scan_count": 1,
                            "scsi_type": "lsilogic"
                        },
                        "depends_on": [
                            "data.vsphere_datacenter.dc"
                        ]
                    },
                    {
                        "address": "data.vsphere_virtual_machine.lab1-ubuntu16-server-template",
                        "mode": "data",
                        "type": "vsphere_virtual_machine",
                        "name": "lab1-ubuntu16-server-template",
                        "provider_name": "vsphere",
                        "schema_version": 0,
                        "values": {
                            "alternate_guest_name": "",
                            "datacenter_id": "datacenter-2",
                            "disks": [
                                {
                                    "eagerly_scrub": false,
                                    "size": 20,
                                    "thin_provisioned": true
                                }
                            ],
                            "firmware": "bios",
                            "guest_id": "ubuntu64Guest",
                            "id": "423cf29d-3cd2-c721-734a-b8920d8cd56e",
                            "name": "course.labs.lab1.ubuntu16server.template",
                            "network_interface_types": [
                                "vmxnet3"
                            ],
                            "scsi_bus_sharing": "noSharing",
                            "scsi_controller_scan_count": 1,
                            "scsi_type": "lsilogic"
                        },
                        "depends_on": [
                            "data.vsphere_datacenter.dc"
                        ]
                    }
                ]
            }
        }
    },
    "configuration": {
        "root_module": {
            "resources": [
                {
                    "address": "vsphere_host_port_group.course",
                    "mode": "managed",
                    "type": "vsphere_host_port_group",
                    "name": "course",
                    "provider_config_key": "vsphere",
                    "expressions": {
                        "host_system_id": {
                            "references": [
                                "data.vsphere_host.host"
                            ]
                        },
                        "name": {
                            "references": [
                                "vsphere_host_virtual_switch.switch"
                            ]
                        },
                        "virtual_switch_name": {
                            "references": [
                                "vsphere_host_virtual_switch.switch"
                            ]
                        }
                    },
                    "schema_version": 0
                },
                {
                    "address": "vsphere_host_virtual_switch.switch",
                    "mode": "managed",
                    "type": "vsphere_host_virtual_switch",
                    "name": "switch",
                    "provider_config_key": "vsphere",
                    "expressions": {
                        "active_nics": {
                            "constant_value": []
                        },
                        "host_system_id": {
                            "references": [
                                "data.vsphere_host.host"
                            ]
                        },
                        "name": {
                            "references": [
                                "var.project_id"
                            ]
                        },
                        "network_adapters": {
                            "constant_value": []
                        },
                        "standby_nics": {
                            "constant_value": []
                        }
                    },
                    "schema_version": 0
                },
                {
                    "address": "vsphere_virtual_machine.course-centos6-student",
                    "mode": "managed",
                    "type": "vsphere_virtual_machine",
                    "name": "course-centos6-student",
                    "provider_config_key": "vsphere",
                    "expressions": {
                        "clone": [
                            {
                                "linked_clone": {
                                    "constant_value": true
                                },
                                "template_uuid": {
                                    "references": [
                                        "data.vsphere_virtual_machine.lab1-student-centos6-template"
                                    ]
                                }
                            }
                        ],
                        "datastore_id": {
                            "references": [
                                "data.vsphere_datastore.datastore"
                            ]
                        },
                        "disk": [
                            {
                                "label": {
                                    "constant_value": "disk0"
                                },
                                "size": {
                                    "references": [
                                        "data.vsphere_virtual_machine.lab1-student-centos6-template"
                                    ]
                                },
                                "thin_provisioned": {
                                    "constant_value": true
                                }
                            }
                        ],
                        "extra_config": {
                            "references": [
                                "var.user_id",
                                "var.username",
                                "var.student"
                            ]
                        },
                        "folder": {
                            "constant_value": "general"
                        },
                        "force_power_off": {
                            "constant_value": true
                        },
                        "guest_id": {
                            "constant_value": "rhel6_64Guest"
                        },
                        "name": {
                            "references": [
                                "var.project_id"
                            ]
                        },
                        "network_interface": [
                            {
                                "network_id": {
                                    "references": [
                                        "data.vsphere_network.course"
                                    ]
                                }
                            },
                            {
                                "network_id": {
                                    "references": [
                                        "data.vsphere_network.course-net"
                                    ]
                                }
                            }
                        ],
                        "resource_pool_id": {
                            "references": [
                                "data.vsphere_host.host"
                            ]
                        },
                        "scsi_type": {
                            "constant_value": "lsilogic"
                        },
                        "shutdown_wait_timeout": {
                            "constant_value": 1
                        },
                        "wait_for_guest_net_routable": {
                            "constant_value": false
                        },
                        "wait_for_guest_net_timeout": {
                            "constant_value": 0
                        }
                    },
                    "schema_version": 3
                },
                {
                    "address": "vsphere_virtual_machine.course-centos7-server",
                    "mode": "managed",
                    "type": "vsphere_virtual_machine",
                    "name": "course-centos7-server",
                    "provider_config_key": "vsphere",
                    "expressions": {
                        "clone": [
                            {
                                "linked_clone": {
                                    "constant_value": true
                                },
                                "template_uuid": {
                                    "references": [
                                        "data.vsphere_virtual_machine.lab1-centos7server-template"
                                    ]
                                }
                            }
                        ],
                        "datastore_id": {
                            "references": [
                                "data.vsphere_datastore.datastore"
                            ]
                        },
                        "disk": [
                            {
                                "label": {
                                    "constant_value": "disk0"
                                },
                                "size": {
                                    "references": [
                                        "data.vsphere_virtual_machine.lab1-centos7server-template"
                                    ]
                                },
                                "thin_provisioned": {
                                    "constant_value": true
                                }
                            }
                        ],
                        "extra_config": {
                            "references": [
                                "var.student"
                            ]
                        },
                        "folder": {
                            "constant_value": "general"
                        },
                        "force_power_off": {
                            "constant_value": true
                        },
                        "guest_id": {
                            "constant_value": "rhel7_64Guest"
                        },
                        "name": {
                            "references": [
                                "var.project_id"
                            ]
                        },
                        "network_interface": [
                            {
                                "network_id": {
                                    "references": [
                                        "data.vsphere_network.course"
                                    ]
                                }
                            }
                        ],
                        "resource_pool_id": {
                            "references": [
                                "data.vsphere_host.host"
                            ]
                        },
                        "scsi_type": {
                            "constant_value": "lsilogic"
                        },
                        "shutdown_wait_timeout": {
                            "constant_value": 1
                        },
                        "wait_for_guest_net_routable": {
                            "constant_value": false
                        },
                        "wait_for_guest_net_timeout": {
                            "constant_value": 0
                        }
                    },
                    "schema_version": 3
                },
                {
                    "address": "vsphere_virtual_machine.course-freebsd10-ws01",
                    "mode": "managed",
                    "type": "vsphere_virtual_machine",
                    "name": "course-freebsd10-ws01",
                    "provider_config_key": "vsphere",
                    "expressions": {
                        "clone": [
                            {
                                "linked_clone": {
                                    "constant_value": true
                                },
                                "template_uuid": {
                                    "references": [
                                        "data.vsphere_virtual_machine.lab1-freebsd10-template"
                                    ]
                                }
                            }
                        ],
                        "datastore_id": {
                            "references": [
                                "data.vsphere_datastore.datastore"
                            ]
                        },
                        "disk": [
                            {
                                "label": {
                                    "constant_value": "disk0"
                                },
                                "size": {
                                    "references": [
                                        "data.vsphere_virtual_machine.lab1-freebsd10-template"
                                    ]
                                },
                                "thin_provisioned": {
                                    "constant_value": true
                                }
                            }
                        ],
                        "extra_config": {
                            "references": [
                                "var.student"
                            ]
                        },
                        "folder": {
                            "constant_value": "general"
                        },
                        "force_power_off": {
                            "constant_value": true
                        },
                        "guest_id": {
                            "constant_value": "freebsd64Guest"
                        },
                        "name": {
                            "references": [
                                "var.project_id"
                            ]
                        },
                        "network_interface": [
                            {
                                "network_id": {
                                    "references": [
                                        "data.vsphere_network.course"
                                    ]
                                }
                            }
                        ],
                        "resource_pool_id": {
                            "references": [
                                "data.vsphere_host.host"
                            ]
                        },
                        "scsi_type": {
                            "constant_value": "lsilogic"
                        },
                        "shutdown_wait_timeout": {
                            "constant_value": 1
                        },
                        "wait_for_guest_net_routable": {
                            "constant_value": false
                        },
                        "wait_for_guest_net_timeout": {
                            "constant_value": 0
                        }
                    },
                    "schema_version": 3
                },
                {
                    "address": "vsphere_virtual_machine.course-freebsd9-ws01",
                    "mode": "managed",
                    "type": "vsphere_virtual_machine",
                    "name": "course-freebsd9-ws01",
                    "provider_config_key": "vsphere",
                    "expressions": {
                        "clone": [
                            {
                                "linked_clone": {
                                    "constant_value": true
                                },
                                "template_uuid": {
                                    "references": [
                                        "data.vsphere_virtual_machine.lab1-freebsd9-template"
                                    ]
                                }
                            }
                        ],
                        "datastore_id": {
                            "references": [
                                "data.vsphere_datastore.datastore"
                            ]
                        },
                        "disk": [
                            {
                                "label": {
                                    "constant_value": "disk0"
                                },
                                "size": {
                                    "references": [
                                        "data.vsphere_virtual_machine.lab1-freebsd9-template"
                                    ]
                                },
                                "thin_provisioned": {
                                    "constant_value": true
                                }
                            }
                        ],
                        "extra_config": {
                            "references": [
                                "var.student"
                            ]
                        },
                        "folder": {
                            "constant_value": "general"
                        },
                        "force_power_off": {
                            "constant_value": true
                        },
                        "guest_id": {
                            "constant_value": "freebsd64Guest"
                        },
                        "name": {
                            "references": [
                                "var.project_id"
                            ]
                        },
                        "network_interface": [
                            {
                                "network_id": {
                                    "references": [
                                        "data.vsphere_network.course"
                                    ]
                                }
                            }
                        ],
                        "resource_pool_id": {
                            "references": [
                                "data.vsphere_host.host"
                            ]
                        },
                        "scsi_type": {
                            "constant_value": "lsilogic"
                        },
                        "shutdown_wait_timeout": {
                            "constant_value": 1
                        },
                        "wait_for_guest_net_routable": {
                            "constant_value": false
                        },
                        "wait_for_guest_net_timeout": {
                            "constant_value": 0
                        }
                    },
                    "schema_version": 3
                },
                {
                    "address": "vsphere_virtual_machine.course-sol10-ws01",
                    "mode": "managed",
                    "type": "vsphere_virtual_machine",
                    "name": "course-sol10-ws01",
                    "provider_config_key": "vsphere",
                    "expressions": {
                        "clone": [
                            {
                                "linked_clone": {
                                    "constant_value": true
                                },
                                "template_uuid": {
                                    "references": [
                                        "data.vsphere_virtual_machine.lab1-solaris10-template"
                                    ]
                                }
                            }
                        ],
                        "datastore_id": {
                            "references": [
                                "data.vsphere_datastore.datastore"
                            ]
                        },
                        "disk": [
                            {
                                "label": {
                                    "constant_value": "disk0"
                                },
                                "size": {
                                    "references": [
                                        "data.vsphere_virtual_machine.lab1-solaris10-template"
                                    ]
                                },
                                "thin_provisioned": {
                                    "constant_value": true
                                }
                            }
                        ],
                        "extra_config": {
                            "references": [
                                "var.student"
                            ]
                        },
                        "folder": {
                            "constant_value": "general"
                        },
                        "force_power_off": {
                            "constant_value": true
                        },
                        "guest_id": {
                            "constant_value": "solaris10_64Guest"
                        },
                        "name": {
                            "references": [
                                "var.project_id"
                            ]
                        },
                        "network_interface": [
                            {
                                "network_id": {
                                    "references": [
                                        "data.vsphere_network.course"
                                    ]
                                }
                            }
                        ],
                        "resource_pool_id": {
                            "references": [
                                "data.vsphere_host.host"
                            ]
                        },
                        "scsi_type": {
                            "constant_value": "lsilogic"
                        },
                        "shutdown_wait_timeout": {
                            "constant_value": 1
                        },
                        "wait_for_guest_net_routable": {
                            "constant_value": false
                        },
                        "wait_for_guest_net_timeout": {
                            "constant_value": 0
                        }
                    },
                    "schema_version": 3,
                    "count_expression": {
                        "constant_value": 0
                    }
                },
                {
                    "address": "vsphere_virtual_machine.course-sol11-ws01",
                    "mode": "managed",
                    "type": "vsphere_virtual_machine",
                    "name": "course-sol11-ws01",
                    "provider_config_key": "vsphere",
                    "expressions": {
                        "clone": [
                            {
                                "linked_clone": {
                                    "constant_value": true
                                },
                                "template_uuid": {
                                    "references": [
                                        "data.vsphere_virtual_machine.lab1-solaris11-template"
                                    ]
                                }
                            }
                        ],
                        "datastore_id": {
                            "references": [
                                "data.vsphere_datastore.datastore"
                            ]
                        },
                        "disk": [
                            {
                                "label": {
                                    "constant_value": "disk0"
                                },
                                "size": {
                                    "references": [
                                        "data.vsphere_virtual_machine.lab1-solaris11-template"
                                    ]
                                },
                                "thin_provisioned": {
                                    "constant_value": true
                                }
                            }
                        ],
                        "extra_config": {
                            "references": [
                                "var.student"
                            ]
                        },
                        "folder": {
                            "constant_value": "general"
                        },
                        "force_power_off": {
                            "constant_value": true
                        },
                        "guest_id": {
                            "constant_value": "solaris11_64Guest"
                        },
                        "name": {
                            "references": [
                                "var.project_id"
                            ]
                        },
                        "network_interface": [
                            {
                                "network_id": {
                                    "references": [
                                        "data.vsphere_network.course"
                                    ]
                                }
                            }
                        ],
                        "resource_pool_id": {
                            "references": [
                                "data.vsphere_host.host"
                            ]
                        },
                        "scsi_type": {
                            "constant_value": "lsilogic"
                        },
                        "shutdown_wait_timeout": {
                            "constant_value": 1
                        },
                        "wait_for_guest_net_routable": {
                            "constant_value": false
                        },
                        "wait_for_guest_net_timeout": {
                            "constant_value": 0
                        }
                    },
                    "schema_version": 3
                },
                {
                    "address": "vsphere_virtual_machine.course-ubuntu14-server",
                    "mode": "managed",
                    "type": "vsphere_virtual_machine",
                    "name": "course-ubuntu14-server",
                    "provider_config_key": "vsphere",
                    "expressions": {
                        "clone": [
                            {
                                "linked_clone": {
                                    "constant_value": true
                                },
                                "template_uuid": {
                                    "references": [
                                        "data.vsphere_virtual_machine.lab1-ubuntu14-server-template"
                                    ]
                                }
                            }
                        ],
                        "datastore_id": {
                            "references": [
                                "data.vsphere_datastore.datastore"
                            ]
                        },
                        "disk": [
                            {
                                "label": {
                                    "constant_value": "disk0"
                                },
                                "size": {
                                    "references": [
                                        "data.vsphere_virtual_machine.lab1-ubuntu14-server-template"
                                    ]
                                },
                                "thin_provisioned": {
                                    "constant_value": true
                                }
                            }
                        ],
                        "extra_config": {
                            "references": [
                                "var.student"
                            ]
                        },
                        "folder": {
                            "constant_value": "general"
                        },
                        "force_power_off": {
                            "constant_value": true
                        },
                        "guest_id": {
                            "constant_value": "ubuntu64Guest"
                        },
                        "name": {
                            "references": [
                                "var.project_id"
                            ]
                        },
                        "network_interface": [
                            {
                                "network_id": {
                                    "references": [
                                        "data.vsphere_network.course"
                                    ]
                                }
                            }
                        ],
                        "resource_pool_id": {
                            "references": [
                                "data.vsphere_host.host"
                            ]
                        },
                        "scsi_type": {
                            "constant_value": "lsilogic"
                        },
                        "shutdown_wait_timeout": {
                            "constant_value": 1
                        },
                        "wait_for_guest_net_routable": {
                            "constant_value": false
                        },
                        "wait_for_guest_net_timeout": {
                            "constant_value": 0
                        }
                    },
                    "schema_version": 3
                },
                {
                    "address": "vsphere_virtual_machine.course-ubuntu16-server",
                    "mode": "managed",
                    "type": "vsphere_virtual_machine",
                    "name": "course-ubuntu16-server",
                    "provider_config_key": "vsphere",
                    "expressions": {
                        "clone": [
                            {
                                "linked_clone": {
                                    "constant_value": true
                                },
                                "template_uuid": {
                                    "references": [
                                        "data.vsphere_virtual_machine.lab1-ubuntu16-server-template"
                                    ]
                                }
                            }
                        ],
                        "datastore_id": {
                            "references": [
                                "data.vsphere_datastore.datastore"
                            ]
                        },
                        "disk": [
                            {
                                "label": {
                                    "constant_value": "disk0"
                                },
                                "size": {
                                    "references": [
                                        "data.vsphere_virtual_machine.lab1-ubuntu16-server-template"
                                    ]
                                },
                                "thin_provisioned": {
                                    "constant_value": true
                                }
                            }
                        ],
                        "extra_config": {
                            "references": [
                                "var.student"
                            ]
                        },
                        "folder": {
                            "constant_value": "general"
                        },
                        "force_power_off": {
                            "constant_value": true
                        },
                        "guest_id": {
                            "constant_value": "ubuntu64Guest"
                        },
                        "name": {
                            "references": [
                                "var.project_id"
                            ]
                        },
                        "network_interface": [
                            {
                                "network_id": {
                                    "references": [
                                        "data.vsphere_network.course"
                                    ]
                                }
                            }
                        ],
                        "resource_pool_id": {
                            "references": [
                                "data.vsphere_host.host"
                            ]
                        },
                        "scsi_type": {
                            "constant_value": "lsilogic"
                        },
                        "shutdown_wait_timeout": {
                            "constant_value": 1
                        },
                        "wait_for_guest_net_routable": {
                            "constant_value": false
                        },
                        "wait_for_guest_net_timeout": {
                            "constant_value": 0
                        }
                    },
                    "schema_version": 3
                },
                {
                    "address": "data.vsphere_datacenter.dc",
                    "mode": "data",
                    "type": "vsphere_datacenter",
                    "name": "dc",
                    "provider_config_key": "vsphere",
                    "expressions": {
                        "name": {
                            "constant_value": "datacenter"
                        }
                    },
                    "schema_version": 0
                },
                {
                    "address": "data.vsphere_datastore.datastore",
                    "mode": "data",
                    "type": "vsphere_datastore",
                    "name": "datastore",
                    "provider_config_key": "vsphere",
                    "expressions": {
                        "datacenter_id": {
                            "references": [
                                "data.vsphere_datacenter.dc"
                            ]
                        },
                        "name": {
                            "references": [
                                "var.vsphere_datastore"
                            ]
                        }
                    },
                    "schema_version": 0
                },
                {
                    "address": "data.vsphere_datastore.iso_datastore",
                    "mode": "data",
                    "type": "vsphere_datastore",
                    "name": "iso_datastore",
                    "provider_config_key": "vsphere",
                    "expressions": {
                        "datacenter_id": {
                            "references": [
                                "data.vsphere_datacenter.dc"
                            ]
                        },
                        "name": {
                            "constant_value": "a15-iso"
                        }
                    },
                    "schema_version": 0
                },
                {
                    "address": "data.vsphere_host.host",
                    "mode": "data",
                    "type": "vsphere_host",
                    "name": "host",
                    "provider_config_key": "vsphere",
                    "expressions": {
                        "datacenter_id": {
                            "references": [
                                "data.vsphere_datacenter.dc"
                            ]
                        },
                        "name": {
                            "references": [
                                "var.vsphere_host_name"
                            ]
                        }
                    },
                    "schema_version": 0
                },
                {
                    "address": "data.vsphere_network.course",
                    "mode": "data",
                    "type": "vsphere_network",
                    "name": "course",
                    "provider_config_key": "vsphere",
                    "expressions": {
                        "datacenter_id": {
                            "references": [
                                "data.vsphere_datacenter.dc"
                            ]
                        },
                        "name": {
                            "references": [
                                "vsphere_host_port_group.course"
                            ]
                        }
                    },
                    "schema_version": 0
                },
                {
                    "address": "data.vsphere_network.course-net",
                    "mode": "data",
                    "type": "vsphere_network",
                    "name": "course-net",
                    "provider_config_key": "vsphere",
                    "expressions": {
                        "datacenter_id": {
                            "references": [
                                "data.vsphere_datacenter.dc"
                            ]
                        },
                        "name": {
                            "constant_value": "course-net"
                        }
                    },
                    "schema_version": 0
                },
                {
                    "address": "data.vsphere_virtual_machine.lab1-centos7server-template",
                    "mode": "data",
                    "type": "vsphere_virtual_machine",
                    "name": "lab1-centos7server-template",
                    "provider_config_key": "vsphere",
                    "expressions": {
                        "datacenter_id": {
                            "references": [
                                "data.vsphere_datacenter.dc"
                            ]
                        },
                        "name": {
                            "constant_value": "course.labs.lab1.centos7server.template"
                        }
                    },
                    "schema_version": 0
                },
                {
                    "address": "data.vsphere_virtual_machine.lab1-freebsd10-template",
                    "mode": "data",
                    "type": "vsphere_virtual_machine",
                    "name": "lab1-freebsd10-template",
                    "provider_config_key": "vsphere",
                    "expressions": {
                        "datacenter_id": {
                            "references": [
                                "data.vsphere_datacenter.dc"
                            ]
                        },
                        "name": {
                            "constant_value": "course.labs.lab1.freebsd10.template"
                        }
                    },
                    "schema_version": 0
                },
                {
                    "address": "data.vsphere_virtual_machine.lab1-freebsd9-template",
                    "mode": "data",
                    "type": "vsphere_virtual_machine",
                    "name": "lab1-freebsd9-template",
                    "provider_config_key": "vsphere",
                    "expressions": {
                        "datacenter_id": {
                            "references": [
                                "data.vsphere_datacenter.dc"
                            ]
                        },
                        "name": {
                            "constant_value": "course.labs.lab1.freebsd9.template"
                        }
                    },
                    "schema_version": 0
                },
                {
                    "address": "data.vsphere_virtual_machine.lab1-solaris10-template",
                    "mode": "data",
                    "type": "vsphere_virtual_machine",
                    "name": "lab1-solaris10-template",
                    "provider_config_key": "vsphere",
                    "expressions": {
                        "datacenter_id": {
                            "references": [
                                "data.vsphere_datacenter.dc"
                            ]
                        },
                        "name": {
                            "constant_value": "course.labs.lab1.sol10.template"
                        }
                    },
                    "schema_version": 0
                },
                {
                    "address": "data.vsphere_virtual_machine.lab1-solaris11-template",
                    "mode": "data",
                    "type": "vsphere_virtual_machine",
                    "name": "lab1-solaris11-template",
                    "provider_config_key": "vsphere",
                    "expressions": {
                        "datacenter_id": {
                            "references": [
                                "data.vsphere_datacenter.dc"
                            ]
                        },
                        "name": {
                            "constant_value": "course.labs.lab1.sol11.template"
                        }
                    },
                    "schema_version": 0
                },
                {
                    "address": "data.vsphere_virtual_machine.lab1-student-centos6-template",
                    "mode": "data",
                    "type": "vsphere_virtual_machine",
                    "name": "lab1-student-centos6-template",
                    "provider_config_key": "vsphere",
                    "expressions": {
                        "datacenter_id": {
                            "references": [
                                "data.vsphere_datacenter.dc"
                            ]
                        },
                        "name": {
                            "constant_value": "course.labs.lab1.student.template"
                        }
                    },
                    "schema_version": 0
                },
                {
                    "address": "data.vsphere_virtual_machine.lab1-ubuntu14-server-template",
                    "mode": "data",
                    "type": "vsphere_virtual_machine",
                    "name": "lab1-ubuntu14-server-template",
                    "provider_config_key": "vsphere",
                    "expressions": {
                        "datacenter_id": {
                            "references": [
                                "data.vsphere_datacenter.dc"
                            ]
                        },
                        "name": {
                            "constant_value": "course.labs.lab1.ubuntu14server.template"
                        }
                    },
                    "schema_version": 0
                },
                {
                    "address": "data.vsphere_virtual_machine.lab1-ubuntu16-server-template",
                    "mode": "data",
                    "type": "vsphere_virtual_machine",
                    "name": "lab1-ubuntu16-server-template",
                    "provider_config_key": "vsphere",
                    "expressions": {
                        "datacenter_id": {
                            "references": [
                                "data.vsphere_datacenter.dc"
                            ]
                        },
                        "name": {
                            "constant_value": "course.labs.lab1.ubuntu16server.template"
                        }
                    },
                    "schema_version": 0
                }
            ],
            "variables": {
                "project_id": {
                    "description": "The Id of the Player Project this configuration refers to"
                },
                "student": {
                    "description": "The Id of the Player Team to assign a virtual machine to"
                },
                "user_id": {
                    "description": "The Id of the User who launched this Workspace"
                },
                "username": {
                    "description": "The name of the User who launched this Workspace"
                },
                "vsphere_datastore": {
                    "description": "The name of the datastore to deploy this configuration to"
                },
                "vsphere_host_name": {
                    "description": "The name of the Host to deploy this configuration to"
                }
            }
        }
    }
}