{
    "version": 4,
    "terraform_version": "0.12.3",
    "serial": 342,
    "lineage": "f0f81b07-bc5f-ccd3-f90b-73232ee915a5",
    "outputs": {},
    "resources": [
      {
        "mode": "data",
        "type": "vsphere_datacenter",
        "name": "dc",
        "provider": "provider.vsphere",
        "instances": [
          {
            "schema_version": 0,
            "attributes": {
              "id": "datacenter-2",
              "name": "datacenter"
            }
          }
        ]
      },
      {
        "mode": "data",
        "type": "vsphere_datastore",
        "name": "datastore",
        "provider": "provider.vsphere",
        "instances": [
          {
            "schema_version": 0,
            "attributes": {
              "datacenter_id": "datacenter-2",
              "id": "datastore-88",
              "name": "local-a12"
            },
            "depends_on": [
              "data.vsphere_datacenter.dc"
            ]
          }
        ]
      },
      {
        "mode": "data",
        "type": "vsphere_datastore",
        "name": "iso_datastore",
        "provider": "provider.vsphere",
        "instances": [
          {
            "schema_version": 0,
            "attributes": {
              "datacenter_id": "datacenter-2",
              "id": "datastore-177",
              "name": "a15-iso"
            },
            "depends_on": [
              "data.vsphere_datacenter.dc"
            ]
          }
        ]
      },
      {
        "mode": "data",
        "type": "vsphere_host",
        "name": "host",
        "provider": "provider.vsphere",
        "instances": [
          {
            "schema_version": 0,
            "attributes": {
              "datacenter_id": "datacenter-2",
              "id": "host-87",
              "name": "vcenter-host",
              "resource_pool_id": "resgroup-740"
            },
            "depends_on": [
              "data.vsphere_datacenter.dc"
            ]
          }
        ]
      },
      {
        "mode": "data",
        "type": "vsphere_network",
        "name": "course",
        "provider": "provider.vsphere",
        "instances": [
          {
            "schema_version": 0,
            "attributes": {
              "datacenter_id": "datacenter-2",
              "id": "network-844",
              "name": "course-4c2eb68c-a77f-45aa-990a-6b837ee59d71",
              "type": "Network"
            },
            "depends_on": [
              "data.vsphere_datacenter.dc",
              "vsphere_host_port_group.course"
            ]
          }
        ]
      },
      {
        "mode": "data",
        "type": "vsphere_network",
        "name": "course-ext",
        "provider": "provider.vsphere",
        "instances": [
          {
            "schema_version": 0,
            "attributes": {
              "datacenter_id": "datacenter-2",
              "id": "network-846",
              "name": "course-ext-4c2eb68c-a77f-45aa-990a-6b837ee59d71",
              "type": "Network"
            },
            "depends_on": [
              "data.vsphere_datacenter.dc",
              "vsphere_host_port_group.course-ext"
            ]
          }
        ]
      },
      {
        "mode": "data",
        "type": "vsphere_network",
        "name": "course-net",
        "provider": "provider.vsphere",
        "instances": [
          {
            "schema_version": 0,
            "attributes": {
              "datacenter_id": "datacenter-2",
              "id": "network-845",
              "name": "course-net-4c2eb68c-a77f-45aa-990a-6b837ee59d71",
              "type": "Network"
            },
            "depends_on": [
              "data.vsphere_datacenter.dc",
              "vsphere_host_port_group.course-net"
            ]
          }
        ]
      },
      {
        "mode": "data",
        "type": "vsphere_virtual_machine",
        "name": "lab1-centos7server-template",
        "provider": "provider.vsphere",
        "instances": [
          {
            "schema_version": 0,
            "attributes": {
              "alternate_guest_name": "",
              "datacenter_id": "datacenter-2",
              "disks": [
                {
                  "eagerly_scrub": false,
                  "size": 20,
                  "thin_provisioned": true
                }
              ],
              "firmware": "bios",
              "guest_id": "rhel7_64Guest",
              "id": "423c7128-9b19-524a-31dc-f99cec7e5242",
              "name": "course.labs.lab1.centos7server.template",
              "network_interface_types": [
                "vmxnet3"
              ],
              "scsi_bus_sharing": "noSharing",
              "scsi_controller_scan_count": 1,
              "scsi_type": "pvscsi"
            },
            "depends_on": [
              "data.vsphere_datacenter.dc"
            ]
          }
        ]
      },
      {
        "mode": "data",
        "type": "vsphere_virtual_machine",
        "name": "lab1-freebsd10-template",
        "provider": "provider.vsphere",
        "instances": [
          {
            "schema_version": 0,
            "attributes": {
              "alternate_guest_name": "",
              "datacenter_id": "datacenter-2",
              "disks": [
                {
                  "eagerly_scrub": false,
                  "size": 20,
                  "thin_provisioned": true
                }
              ],
              "firmware": "bios",
              "guest_id": "freebsd64Guest",
              "id": "423cd271-2e52-e643-dd4e-194708d9983c",
              "name": "course.labs.lab1.freebsd10.template",
              "network_interface_types": [
                "e1000"
              ],
              "scsi_bus_sharing": "noSharing",
              "scsi_controller_scan_count": 1,
              "scsi_type": "lsilogic"
            },
            "depends_on": [
              "data.vsphere_datacenter.dc"
            ]
          }
        ]
      },
      {
        "mode": "data",
        "type": "vsphere_virtual_machine",
        "name": "lab1-freebsd9-template",
        "provider": "provider.vsphere",
        "instances": [
          {
            "schema_version": 0,
            "attributes": {
              "alternate_guest_name": "",
              "datacenter_id": "datacenter-2",
              "disks": [
                {
                  "eagerly_scrub": false,
                  "size": 20,
                  "thin_provisioned": true
                }
              ],
              "firmware": "bios",
              "guest_id": "freebsd64Guest",
              "id": "423c364f-b7a7-d1fd-dbf3-b7d0bba1e807",
              "name": "course.labs.lab1.freebsd9.template",
              "network_interface_types": [
                "e1000"
              ],
              "scsi_bus_sharing": "noSharing",
              "scsi_controller_scan_count": 1,
              "scsi_type": "lsilogic"
            },
            "depends_on": [
              "data.vsphere_datacenter.dc"
            ]
          }
        ]
      },
      {
        "mode": "data",
        "type": "vsphere_virtual_machine",
        "name": "lab1-solaris10-template",
        "provider": "provider.vsphere",
        "instances": [
          {
            "schema_version": 0,
            "attributes": {
              "alternate_guest_name": "",
              "datacenter_id": "datacenter-2",
              "disks": [
                {
                  "eagerly_scrub": false,
                  "size": 10,
                  "thin_provisioned": true
                }
              ],
              "firmware": "bios",
              "guest_id": "solaris10_64Guest",
              "id": "423c52cc-12d5-148e-bb70-68fe64c57064",
              "name": "course.labs.lab1.sol10.template",
              "network_interface_types": [
                "e1000"
              ],
              "scsi_bus_sharing": "noSharing",
              "scsi_controller_scan_count": 1,
              "scsi_type": "lsilogic"
            },
            "depends_on": [
              "data.vsphere_datacenter.dc"
            ]
          }
        ]
      },
      {
        "mode": "data",
        "type": "vsphere_virtual_machine",
        "name": "lab1-solaris11-template",
        "provider": "provider.vsphere",
        "instances": [
          {
            "schema_version": 0,
            "attributes": {
              "alternate_guest_name": "",
              "datacenter_id": "datacenter-2",
              "disks": [
                {
                  "eagerly_scrub": false,
                  "size": 20,
                  "thin_provisioned": true
                }
              ],
              "firmware": "bios",
              "guest_id": "solaris11_64Guest",
              "id": "423c0cbc-1a07-3a68-69ff-fe008312393e",
              "name": "course.labs.lab1.sol11.template",
              "network_interface_types": [
                "e1000"
              ],
              "scsi_bus_sharing": "noSharing",
              "scsi_controller_scan_count": 1,
              "scsi_type": "lsilogic"
            },
            "depends_on": [
              "data.vsphere_datacenter.dc"
            ]
          }
        ]
      },
      {
        "mode": "data",
        "type": "vsphere_virtual_machine",
        "name": "lab1-student-centos6-template",
        "provider": "provider.vsphere",
        "instances": [
          {
            "schema_version": 0,
            "attributes": {
              "alternate_guest_name": "",
              "datacenter_id": "datacenter-2",
              "disks": [
                {
                  "eagerly_scrub": false,
                  "size": 50,
                  "thin_provisioned": true
                }
              ],
              "firmware": "bios",
              "guest_id": "rhel6_64Guest",
              "id": "423c9f2b-4dee-0c54-9abb-f87a0027bd71",
              "name": "course.labs.lab1.student.template",
              "network_interface_types": [
                "vmxnet3",
                "vmxnet3"
              ],
              "scsi_bus_sharing": "noSharing",
              "scsi_controller_scan_count": 1,
              "scsi_type": "pvscsi"
            },
            "depends_on": [
              "data.vsphere_datacenter.dc"
            ]
          }
        ]
      },
      {
        "mode": "data",
        "type": "vsphere_virtual_machine",
        "name": "lab1-ubuntu14-server-template",
        "provider": "provider.vsphere",
        "instances": [
          {
            "schema_version": 0,
            "attributes": {
              "alternate_guest_name": "",
              "datacenter_id": "datacenter-2",
              "disks": [
                {
                  "eagerly_scrub": false,
                  "size": 20,
                  "thin_provisioned": true
                }
              ],
              "firmware": "bios",
              "guest_id": "ubuntu64Guest",
              "id": "423c9d30-a75f-b025-0acd-fa3cef2b753a",
              "name": "course.labs.lab1.ubuntu14server.template",
              "network_interface_types": [
                "vmxnet3"
              ],
              "scsi_bus_sharing": "noSharing",
              "scsi_controller_scan_count": 1,
              "scsi_type": "lsilogic"
            },
            "depends_on": [
              "data.vsphere_datacenter.dc"
            ]
          }
        ]
      },
      {
        "mode": "data",
        "type": "vsphere_virtual_machine",
        "name": "lab1-ubuntu16-server-template",
        "provider": "provider.vsphere",
        "instances": [
          {
            "schema_version": 0,
            "attributes": {
              "alternate_guest_name": "",
              "datacenter_id": "datacenter-2",
              "disks": [
                {
                  "eagerly_scrub": false,
                  "size": 20,
                  "thin_provisioned": true
                }
              ],
              "firmware": "bios",
              "guest_id": "ubuntu64Guest",
              "id": "423cf29d-3cd2-c721-734a-b8920d8cd56e",
              "name": "course.labs.lab1.ubuntu16server.template",
              "network_interface_types": [
                "vmxnet3"
              ],
              "scsi_bus_sharing": "noSharing",
              "scsi_controller_scan_count": 1,
              "scsi_type": "lsilogic"
            },
            "depends_on": [
              "data.vsphere_datacenter.dc"
            ]
          }
        ]
      },
      {
        "mode": "managed",
        "type": "vsphere_host_port_group",
        "name": "course",
        "provider": "provider.vsphere",
        "instances": [
          {
            "schema_version": 0,
            "attributes": {
              "active_nics": null,
              "allow_forged_transmits": null,
              "allow_mac_changes": null,
              "allow_promiscuous": null,
              "check_beacon": null,
              "computed_policy": {
                "allow_forged_transmits": "true",
                "allow_mac_changes": "true",
                "allow_promiscuous": "false",
                "check_beacon": "false",
                "failback": "true",
                "notify_switches": "true",
                "shaping_average_bandwidth": "0",
                "shaping_burst_size": "0",
                "shaping_enabled": "false",
                "shaping_peak_bandwidth": "0",
                "teaming_policy": "loadbalance_srcid"
              },
              "failback": null,
              "host_system_id": "host-87",
              "id": "tf-HostPortGroup:host-87:course-4c2eb68c-a77f-45aa-990a-6b837ee59d71",
              "key": "key-vim.host.PortGroup-course-4c2eb68c-a77f-45aa-990a-6b837ee59d71",
              "name": "course-4c2eb68c-a77f-45aa-990a-6b837ee59d71",
              "notify_switches": null,
              "ports": [],
              "shaping_average_bandwidth": 0,
              "shaping_burst_size": 0,
              "shaping_enabled": null,
              "shaping_peak_bandwidth": 0,
              "standby_nics": null,
              "teaming_policy": "",
              "virtual_switch_name": "vSwitch-4c2eb68c-a77f-45aa-990a",
              "vlan_id": 0
            },
            "private": "bnVsbA==",
            "depends_on": [
              "data.vsphere_host.host",
              "vsphere_host_virtual_switch.switch"
            ]
          }
        ]
      },
      {
        "mode": "managed",
        "type": "vsphere_host_port_group",
        "name": "course-ext",
        "provider": "provider.vsphere",
        "instances": [
          {
            "schema_version": 0,
            "attributes": {
              "active_nics": null,
              "allow_forged_transmits": null,
              "allow_mac_changes": null,
              "allow_promiscuous": null,
              "check_beacon": null,
              "computed_policy": {
                "allow_forged_transmits": "true",
                "allow_mac_changes": "true",
                "allow_promiscuous": "false",
                "check_beacon": "false",
                "failback": "true",
                "notify_switches": "true",
                "shaping_average_bandwidth": "0",
                "shaping_burst_size": "0",
                "shaping_enabled": "false",
                "shaping_peak_bandwidth": "0",
                "teaming_policy": "loadbalance_srcid"
              },
              "failback": null,
              "host_system_id": "host-87",
              "id": "tf-HostPortGroup:host-87:course-ext-4c2eb68c-a77f-45aa-990a-6b837ee59d71",
              "key": "key-vim.host.PortGroup-course-ext-4c2eb68c-a77f-45aa-990a-6b837ee59d71",
              "name": "course-ext-4c2eb68c-a77f-45aa-990a-6b837ee59d71",
              "notify_switches": null,
              "ports": [],
              "shaping_average_bandwidth": 0,
              "shaping_burst_size": 0,
              "shaping_enabled": null,
              "shaping_peak_bandwidth": 0,
              "standby_nics": null,
              "teaming_policy": "",
              "virtual_switch_name": "vSwitch-4c2eb68c-a77f-45aa-990a",
              "vlan_id": 0
            },
            "private": "bnVsbA==",
            "depends_on": [
              "data.vsphere_host.host",
              "vsphere_host_virtual_switch.switch"
            ]
          }
        ]
      },
      {
        "mode": "managed",
        "type": "vsphere_host_port_group",
        "name": "course-net",
        "provider": "provider.vsphere",
        "instances": [
          {
            "schema_version": 0,
            "attributes": {
              "active_nics": null,
              "allow_forged_transmits": null,
              "allow_mac_changes": null,
              "allow_promiscuous": null,
              "check_beacon": null,
              "computed_policy": {
                "allow_forged_transmits": "true",
                "allow_mac_changes": "true",
                "allow_promiscuous": "false",
                "check_beacon": "false",
                "failback": "true",
                "notify_switches": "true",
                "shaping_average_bandwidth": "0",
                "shaping_burst_size": "0",
                "shaping_enabled": "false",
                "shaping_peak_bandwidth": "0",
                "teaming_policy": "loadbalance_srcid"
              },
              "failback": null,
              "host_system_id": "host-87",
              "id": "tf-HostPortGroup:host-87:course-net-4c2eb68c-a77f-45aa-990a-6b837ee59d71",
              "key": "key-vim.host.PortGroup-course-net-4c2eb68c-a77f-45aa-990a-6b837ee59d71",
              "name": "course-net-4c2eb68c-a77f-45aa-990a-6b837ee59d71",
              "notify_switches": null,
              "ports": [],
              "shaping_average_bandwidth": 0,
              "shaping_burst_size": 0,
              "shaping_enabled": null,
              "shaping_peak_bandwidth": 0,
              "standby_nics": null,
              "teaming_policy": "",
              "virtual_switch_name": "vSwitch-4c2eb68c-a77f-45aa-990a",
              "vlan_id": 0
            },
            "private": "bnVsbA==",
            "depends_on": [
              "data.vsphere_host.host",
              "vsphere_host_virtual_switch.switch"
            ]
          }
        ]
      },
      {
        "mode": "managed",
        "type": "vsphere_host_virtual_switch",
        "name": "switch",
        "provider": "provider.vsphere",
        "instances": [
          {
            "schema_version": 0,
            "attributes": {
              "active_nics": [],
              "allow_forged_transmits": true,
              "allow_mac_changes": true,
              "allow_promiscuous": false,
              "beacon_interval": 1,
              "check_beacon": false,
              "failback": true,
              "host_system_id": "host-87",
              "id": "tf-HostVirtualSwitch:host-87:vSwitch-4c2eb68c-a77f-45aa-990a",
              "link_discovery_operation": "listen",
              "link_discovery_protocol": "cdp",
              "mtu": 1500,
              "name": "vSwitch-4c2eb68c-a77f-45aa-990a",
              "network_adapters": [],
              "notify_switches": true,
              "number_of_ports": 128,
              "shaping_average_bandwidth": 0,
              "shaping_burst_size": 0,
              "shaping_enabled": false,
              "shaping_peak_bandwidth": 0,
              "standby_nics": [],
              "teaming_policy": "loadbalance_srcid"
            },
            "private": "bnVsbA==",
            "depends_on": [
              "data.vsphere_host.host"
            ]
          }
        ]
      },
      {
        "mode": "managed",
        "type": "vsphere_virtual_machine",
        "name": "course-centos6-student",
        "each": "list",
        "provider": "provider.vsphere",
        "instances": [
          {
            "index_key": 0,
            "schema_version": 3,
            "attributes": {
              "alternate_guest_name": "",
              "annotation": "",
              "boot_delay": 0,
              "boot_retry_delay": 10000,
              "boot_retry_enabled": false,
              "cdrom": [],
              "change_version": "2019-07-05T13:26:13.499443Z",
              "clone": [
                {
                  "customize": [],
                  "linked_clone": true,
                  "template_uuid": "423c9f2b-4dee-0c54-9abb-f87a0027bd71",
                  "timeout": 30
                }
              ],
              "cpu_hot_add_enabled": false,
              "cpu_hot_remove_enabled": false,
              "cpu_limit": -1,
              "cpu_performance_counters_enabled": false,
              "cpu_reservation": 0,
              "cpu_share_count": 1000,
              "cpu_share_level": "normal",
              "custom_attributes": null,
              "datastore_cluster_id": null,
              "datastore_id": "datastore-88",
              "default_ip_address": null,
              "disk": [
                {
                  "attach": false,
                  "datastore_id": "datastore-88",
                  "device_address": "scsi:0:0",
                  "disk_mode": "persistent",
                  "disk_sharing": "sharingNone",
                  "eagerly_scrub": false,
                  "io_limit": -1,
                  "io_reservation": 0,
                  "io_share_count": 1000,
                  "io_share_level": "normal",
                  "keep_on_remove": false,
                  "key": 2000,
                  "label": "disk0",
                  "name": "",
                  "path": "course.centos6.student.1.4c2eb68c-a77f-45aa-990a-6b837ee59d71/course.centos6.student.1.4c2eb68c-a77f-45aa-990a-6b837ee59d71.vmdk",
                  "size": 50,
                  "thin_provisioned": true,
                  "unit_number": 0,
                  "uuid": "6000C290-2ad2-1430-41bf-1d01ed0578c4",
                  "write_through": false
                }
              ],
              "efi_secure_boot_enabled": null,
              "enable_disk_uuid": false,
              "enable_logging": false,
              "ept_rvi_mode": "automatic",
              "extra_config": {
                "guestinfo.address": "122.66.12.40",
                "guestinfo.emailsuffix": "course.local",
                "guestinfo.gateway": "122.66.12.1",
                "guestinfo.hostname": "student",
                "guestinfo.netmask": "255.255.255.0",
                "guestinfo.network": "122.66.12.0",
                "guestinfo.stepadminpass": "Delicate@1",
                "guestinfo.teamId": "925e2634-52b5-4492-ba5e-c800fe3401f1",
                "guestinfo.userId": "{userId}",
                "guestinfo.userName": "{userName}"
              },
              "firmware": "bios",
              "folder": "general",
              "force_power_off": true,
              "guest_id": "rhel6_64Guest",
              "guest_ip_addresses": [],
              "host_system_id": "host-87",
              "hv_mode": "hvAuto",
              "id": "423ccd67-a76a-ea9f-7089-caa891a621f2",
              "ignored_guest_ips": null,
              "imported": null,
              "latency_sensitivity": "normal",
              "memory": 1024,
              "memory_hot_add_enabled": false,
              "memory_limit": -1,
              "memory_reservation": 0,
              "memory_share_count": 10240,
              "memory_share_level": "normal",
              "migrate_wait_timeout": 30,
              "moid": "vm-1044",
              "name": "course.centos6.student.1.4c2eb68c-a77f-45aa-990a-6b837ee59d71",
              "nested_hv_enabled": false,
              "network_interface": [
                {
                  "adapter_type": "vmxnet3",
                  "bandwidth_limit": -1,
                  "bandwidth_reservation": 0,
                  "bandwidth_share_count": 50,
                  "bandwidth_share_level": "normal",
                  "device_address": "pci:0:7",
                  "key": 4000,
                  "mac_address": "00:50:56:bc:bd:65",
                  "network_id": "network-1035",
                  "use_static_mac": false
                },
                {
                  "adapter_type": "vmxnet3",
                  "bandwidth_limit": -1,
                  "bandwidth_reservation": 0,
                  "bandwidth_share_count": 50,
                  "bandwidth_share_level": "normal",
                  "device_address": "pci:0:8",
                  "key": 4001,
                  "mac_address": "00:50:56:bc:53:ba",
                  "network_id": "network-1036",
                  "use_static_mac": false
                }
              ],
              "num_cores_per_socket": 1,
              "num_cpus": 1,
              "reboot_required": false,
              "resource_pool_id": "resgroup-740",
              "run_tools_scripts_after_power_on": true,
              "run_tools_scripts_after_resume": true,
              "run_tools_scripts_before_guest_reboot": false,
              "run_tools_scripts_before_guest_shutdown": true,
              "run_tools_scripts_before_guest_standby": true,
              "scsi_bus_sharing": "noSharing",
              "scsi_controller_count": 1,
              "scsi_type": "lsilogic",
              "shutdown_wait_timeout": 1,
              "swap_placement_policy": "inherit",
              "sync_time_with_host": false,
              "tags": null,
              "uuid": "423ccd67-a76a-ea9f-7089-caa891a621f2",
              "vapp": [],
              "vapp_transport": [],
              "vmware_tools_status": "guestToolsNotRunning",
              "vmx_path": "course.centos6.student.1.4c2eb68c-a77f-45aa-990a-6b837ee59d71/course.centos6.student.1.4c2eb68c-a77f-45aa-990a-6b837ee59d71.vmx",
              "wait_for_guest_ip_timeout": 0,
              "wait_for_guest_net_routable": false,
              "wait_for_guest_net_timeout": 0
            },
            "private": "eyJzY2hlbWFfdmVyc2lvbiI6IjMifQ==",
            "depends_on": [
              "data.vsphere_datastore.datastore",
              "data.vsphere_host.host",
              "data.vsphere_network.course",
              "data.vsphere_network.course-net",
              "data.vsphere_virtual_machine.lab1-student-centos6-template"
            ]
          },
          {
            "index_key": 1,
            "schema_version": 3,
            "attributes": {
              "alternate_guest_name": "",
              "annotation": "",
              "boot_delay": 0,
              "boot_retry_delay": 10000,
              "boot_retry_enabled": false,
              "cdrom": [],
              "change_version": "2019-07-05T13:26:14.250435Z",
              "clone": [
                {
                  "customize": [],
                  "linked_clone": true,
                  "template_uuid": "423c9f2b-4dee-0c54-9abb-f87a0027bd71",
                  "timeout": 30
                }
              ],
              "cpu_hot_add_enabled": false,
              "cpu_hot_remove_enabled": false,
              "cpu_limit": -1,
              "cpu_performance_counters_enabled": false,
              "cpu_reservation": 0,
              "cpu_share_count": 1000,
              "cpu_share_level": "normal",
              "custom_attributes": null,
              "datastore_cluster_id": null,
              "datastore_id": "datastore-88",
              "default_ip_address": null,
              "disk": [
                {
                  "attach": false,
                  "datastore_id": "datastore-88",
                  "device_address": "scsi:0:0",
                  "disk_mode": "persistent",
                  "disk_sharing": "sharingNone",
                  "eagerly_scrub": false,
                  "io_limit": -1,
                  "io_reservation": 0,
                  "io_share_count": 1000,
                  "io_share_level": "normal",
                  "keep_on_remove": false,
                  "key": 2000,
                  "label": "disk0",
                  "name": "",
                  "path": "course.centos6.student.2.4c2eb68c-a77f-45aa-990a-6b837ee59d71/course.centos6.student.2.4c2eb68c-a77f-45aa-990a-6b837ee59d71.vmdk",
                  "size": 50,
                  "thin_provisioned": true,
                  "unit_number": 0,
                  "uuid": "6000C290-2ad2-1430-41bf-1d01ed0578c4",
                  "write_through": false
                }
              ],
              "efi_secure_boot_enabled": null,
              "enable_disk_uuid": false,
              "enable_logging": false,
              "ept_rvi_mode": "automatic",
              "extra_config": {
                "guestinfo.address": "122.66.12.40",
                "guestinfo.emailsuffix": "course.local",
                "guestinfo.gateway": "122.66.12.1",
                "guestinfo.hostname": "student",
                "guestinfo.netmask": "255.255.255.0",
                "guestinfo.network": "122.66.12.0",
                "guestinfo.stepadminpass": "Delicate@1",
                "guestinfo.teamId": "925e2634-52b5-4492-ba5e-c800fe3401f1",
                "guestinfo.userId": "{userId}",
                "guestinfo.userName": "{userName}"
              },
              "firmware": "bios",
              "folder": "general",
              "force_power_off": true,
              "guest_id": "rhel6_64Guest",
              "guest_ip_addresses": ["192.168.20.15", "192.168.30.15"],
              "host_system_id": "host-87",
              "hv_mode": "hvAuto",
              "id": "423c087c-4715-bfca-2475-9cadb6954f2e",
              "ignored_guest_ips": null,
              "imported": null,
              "latency_sensitivity": "normal",
              "memory": 1024,
              "memory_hot_add_enabled": false,
              "memory_limit": -1,
              "memory_reservation": 0,
              "memory_share_count": 10240,
              "memory_share_level": "normal",
              "migrate_wait_timeout": 30,
              "moid": "vm-1045",
              "name": "course.centos6.student.2.4c2eb68c-a77f-45aa-990a-6b837ee59d71",
              "nested_hv_enabled": false,
              "network_interface": [
                {
                  "adapter_type": "vmxnet3",
                  "bandwidth_limit": -1,
                  "bandwidth_reservation": 0,
                  "bandwidth_share_count": 50,
                  "bandwidth_share_level": "normal",
                  "device_address": "pci:0:7",
                  "key": 4000,
                  "mac_address": "00:50:56:bc:99:dc",
                  "network_id": "network-1035",
                  "use_static_mac": false
                },
                {
                  "adapter_type": "vmxnet3",
                  "bandwidth_limit": -1,
                  "bandwidth_reservation": 0,
                  "bandwidth_share_count": 50,
                  "bandwidth_share_level": "normal",
                  "device_address": "pci:0:8",
                  "key": 4001,
                  "mac_address": "00:50:56:bc:c2:34",
                  "network_id": "network-1036",
                  "use_static_mac": false
                }
              ],
              "num_cores_per_socket": 1,
              "num_cpus": 1,
              "reboot_required": false,
              "resource_pool_id": "resgroup-740",
              "run_tools_scripts_after_power_on": true,
              "run_tools_scripts_after_resume": true,
              "run_tools_scripts_before_guest_reboot": false,
              "run_tools_scripts_before_guest_shutdown": true,
              "run_tools_scripts_before_guest_standby": true,
              "scsi_bus_sharing": "noSharing",
              "scsi_controller_count": 1,
              "scsi_type": "lsilogic",
              "shutdown_wait_timeout": 1,
              "swap_placement_policy": "inherit",
              "sync_time_with_host": false,
              "tags": null,
              "uuid": "423c087c-4715-bfca-2475-9cadb6954f2e",
              "vapp": [],
              "vapp_transport": [],
              "vmware_tools_status": "guestToolsNotRunning",
              "vmx_path": "course.centos6.student.2.4c2eb68c-a77f-45aa-990a-6b837ee59d71/course.centos6.student.2.4c2eb68c-a77f-45aa-990a-6b837ee59d71.vmx",
              "wait_for_guest_ip_timeout": 0,
              "wait_for_guest_net_routable": false,
              "wait_for_guest_net_timeout": 0
            },
            "private": "eyJzY2hlbWFfdmVyc2lvbiI6IjMifQ==",
            "depends_on": [
              "data.vsphere_datastore.datastore",
              "data.vsphere_host.host",
              "data.vsphere_network.course",
              "data.vsphere_network.course-net",
              "data.vsphere_virtual_machine.lab1-student-centos6-template"
            ]
          }
        ]
      },
      {
        "mode": "managed",
        "type": "vsphere_virtual_machine",
        "name": "course-centos7-server",
        "provider": "provider.vsphere",
        "instances": [
          {
            "schema_version": 3,
            "attributes": {
              "alternate_guest_name": "",
              "annotation": "",
              "boot_delay": 0,
              "boot_retry_delay": 10000,
              "boot_retry_enabled": false,
              "cdrom": [],
              "change_version": "2019-07-02T18:26:15.000324Z",
              "clone": [
                {
                  "customize": [],
                  "linked_clone": true,
                  "template_uuid": "423c7128-9b19-524a-31dc-f99cec7e5242",
                  "timeout": 30
                }
              ],
              "cpu_hot_add_enabled": false,
              "cpu_hot_remove_enabled": false,
              "cpu_limit": -1,
              "cpu_performance_counters_enabled": false,
              "cpu_reservation": 0,
              "cpu_share_count": 1000,
              "cpu_share_level": "normal",
              "custom_attributes": null,
              "datastore_cluster_id": null,
              "datastore_id": "datastore-88",
              "default_ip_address": null,
              "disk": [
                {
                  "attach": false,
                  "datastore_id": "datastore-88",
                  "device_address": "scsi:0:0",
                  "disk_mode": "persistent",
                  "disk_sharing": "sharingNone",
                  "eagerly_scrub": false,
                  "io_limit": -1,
                  "io_reservation": 0,
                  "io_share_count": 1000,
                  "io_share_level": "normal",
                  "keep_on_remove": false,
                  "key": 2000,
                  "label": "disk0",
                  "name": "",
                  "path": "course.centos7.server-4c2eb68c-a77f-45aa-990a-6b837ee59d71/course.centos7.server-4c2eb68c-a77f-45aa-990a-6b837ee59d71.vmdk",
                  "size": 20,
                  "thin_provisioned": true,
                  "unit_number": 0,
                  "uuid": "6000C29b-830d-eb39-5706-5a84db77d1ae",
                  "write_through": false
                }
              ],
              "efi_secure_boot_enabled": null,
              "enable_disk_uuid": false,
              "enable_logging": false,
              "ept_rvi_mode": "automatic",
              "extra_config": {
                "guestinfo.address": "122.66.12.31",
                "guestinfo.dns": "122.66.12.10",
                "guestinfo.emailsuffix": "abusama.tu",
                "guestinfo.gateway": "122.66.12.1",
                "guestinfo.hostname": "centos7server",
                "guestinfo.n1.dns": "122.66.12.31",
                "guestinfo.n1.gateway": "122.66.12.1",
                "guestinfo.n1.index": "2",
                "guestinfo.n1.ip": "122.66.12.131",
                "guestinfo.n1.mask": "255.255.255.0",
                "guestinfo.n1.mode": "static",
                "guestinfo.net.interfaces": "n1",
                "guestinfo.netmask": "255.255.255.0",
                "guestinfo.network": "122.66.12.0",
                "guestinfo.stepadminpass": "Delicate@1"
              },
              "firmware": "bios",
              "folder": "general",
              "force_power_off": true,
              "guest_id": "rhel7_64Guest",
              "guest_ip_addresses": [],
              "host_system_id": "host-87",
              "hv_mode": "hvAuto",
              "id": "423c3932-665f-5764-ce9a-aa4a8d8a2023",
              "ignored_guest_ips": null,
              "imported": null,
              "latency_sensitivity": "normal",
              "memory": 1024,
              "memory_hot_add_enabled": false,
              "memory_limit": -1,
              "memory_reservation": 0,
              "memory_share_count": 10240,
              "memory_share_level": "normal",
              "migrate_wait_timeout": 30,
              "moid": "vm-850",
              "name": "course.centos7.server-4c2eb68c-a77f-45aa-990a-6b837ee59d71",
              "nested_hv_enabled": false,
              "network_interface": [
                {
                  "adapter_type": "vmxnet3",
                  "bandwidth_limit": -1,
                  "bandwidth_reservation": 0,
                  "bandwidth_share_count": 50,
                  "bandwidth_share_level": "normal",
                  "device_address": "pci:0:7",
                  "key": 4000,
                  "mac_address": "00:50:56:bc:16:b5",
                  "network_id": "network-844",
                  "use_static_mac": false
                }
              ],
              "num_cores_per_socket": 1,
              "num_cpus": 1,
              "reboot_required": false,
              "resource_pool_id": "resgroup-740",
              "run_tools_scripts_after_power_on": true,
              "run_tools_scripts_after_resume": true,
              "run_tools_scripts_before_guest_reboot": false,
              "run_tools_scripts_before_guest_shutdown": true,
              "run_tools_scripts_before_guest_standby": true,
              "scsi_bus_sharing": "noSharing",
              "scsi_controller_count": 1,
              "scsi_type": "lsilogic",
              "shutdown_wait_timeout": 1,
              "swap_placement_policy": "inherit",
              "sync_time_with_host": false,
              "tags": null,
              "uuid": "423c3932-665f-5764-ce9a-aa4a8d8a2023",
              "vapp": [],
              "vapp_transport": [],
              "vmware_tools_status": "guestToolsNotRunning",
              "vmx_path": "course.centos7.server-4c2eb68c-a77f-45aa-990a-6b837ee59d71/course.centos7.server-4c2eb68c-a77f-45aa-990a-6b837ee59d71.vmx",
              "wait_for_guest_ip_timeout": 0,
              "wait_for_guest_net_routable": false,
              "wait_for_guest_net_timeout": 0
            },
            "private": "eyJzY2hlbWFfdmVyc2lvbiI6IjMifQ==",
            "depends_on": [
              "data.vsphere_datastore.datastore",
              "data.vsphere_host.host",
              "data.vsphere_network.course",
              "data.vsphere_virtual_machine.lab1-centos7server-template"
            ]
          }
        ]
      },
      {
        "mode": "managed",
        "type": "vsphere_virtual_machine",
        "name": "course-freebsd10-ws01",
        "provider": "provider.vsphere",
        "instances": [
          {
            "schema_version": 3,
            "attributes": {
              "alternate_guest_name": "",
              "annotation": "",
              "boot_delay": 0,
              "boot_retry_delay": 10000,
              "boot_retry_enabled": false,
              "cdrom": [],
              "change_version": "2019-07-02T18:26:14.620767Z",
              "clone": [
                {
                  "customize": [],
                  "linked_clone": true,
                  "template_uuid": "423cd271-2e52-e643-dd4e-194708d9983c",
                  "timeout": 30
                }
              ],
              "cpu_hot_add_enabled": false,
              "cpu_hot_remove_enabled": false,
              "cpu_limit": -1,
              "cpu_performance_counters_enabled": false,
              "cpu_reservation": 0,
              "cpu_share_count": 1000,
              "cpu_share_level": "normal",
              "custom_attributes": null,
              "datastore_cluster_id": null,
              "datastore_id": "datastore-88",
              "default_ip_address": null,
              "disk": [
                {
                  "attach": false,
                  "datastore_id": "datastore-88",
                  "device_address": "scsi:0:0",
                  "disk_mode": "persistent",
                  "disk_sharing": "sharingNone",
                  "eagerly_scrub": false,
                  "io_limit": -1,
                  "io_reservation": 0,
                  "io_share_count": 1000,
                  "io_share_level": "normal",
                  "keep_on_remove": false,
                  "key": 2000,
                  "label": "disk0",
                  "name": "",
                  "path": "course.freebsd10-4c2eb68c-a77f-45aa-990a-6b837ee59d71/course.freebsd10-4c2eb68c-a77f-45aa-990a-6b837ee59d71.vmdk",
                  "size": 20,
                  "thin_provisioned": true,
                  "unit_number": 0,
                  "uuid": "6000C293-ca33-bb97-f7d1-4ede8750d474",
                  "write_through": false
                }
              ],
              "efi_secure_boot_enabled": null,
              "enable_disk_uuid": false,
              "enable_logging": false,
              "ept_rvi_mode": "automatic",
              "extra_config": {
                "guestinfo.address": "122.66.12.29",
                "guestinfo.dns": "122.66.12.10",
                "guestinfo.emailsuffix": "student.io",
                "guestinfo.gateway": "122.66.12.1",
                "guestinfo.hostname": "WS01",
                "guestinfo.netmask": "255.255.255.0",
                "guestinfo.network": "122.66.12.0",
                "guestinfo.stepadminpass": "Delicate@1"
              },
              "firmware": "bios",
              "folder": "general",
              "force_power_off": true,
              "guest_id": "freebsd64Guest",
              "guest_ip_addresses": [],
              "host_system_id": "host-87",
              "hv_mode": "hvAuto",
              "id": "423c0a62-8566-950c-f5e9-cc4cdf5660be",
              "ignored_guest_ips": null,
              "imported": null,
              "latency_sensitivity": "normal",
              "memory": 1024,
              "memory_hot_add_enabled": false,
              "memory_limit": -1,
              "memory_reservation": 0,
              "memory_share_count": 10240,
              "memory_share_level": "normal",
              "migrate_wait_timeout": 30,
              "moid": "vm-847",
              "name": "course.freebsd10-4c2eb68c-a77f-45aa-990a-6b837ee59d71",
              "nested_hv_enabled": false,
              "network_interface": [
                {
                  "adapter_type": "vmxnet3",
                  "bandwidth_limit": -1,
                  "bandwidth_reservation": 0,
                  "bandwidth_share_count": 50,
                  "bandwidth_share_level": "normal",
                  "device_address": "pci:0:7",
                  "key": 4000,
                  "mac_address": "00:50:56:bc:72:75",
                  "network_id": "network-844",
                  "use_static_mac": false
                }
              ],
              "num_cores_per_socket": 1,
              "num_cpus": 1,
              "reboot_required": false,
              "resource_pool_id": "resgroup-740",
              "run_tools_scripts_after_power_on": true,
              "run_tools_scripts_after_resume": true,
              "run_tools_scripts_before_guest_reboot": false,
              "run_tools_scripts_before_guest_shutdown": true,
              "run_tools_scripts_before_guest_standby": true,
              "scsi_bus_sharing": "noSharing",
              "scsi_controller_count": 1,
              "scsi_type": "lsilogic",
              "shutdown_wait_timeout": 1,
              "swap_placement_policy": "inherit",
              "sync_time_with_host": false,
              "tags": null,
              "uuid": "423c0a62-8566-950c-f5e9-cc4cdf5660be",
              "vapp": [],
              "vapp_transport": [],
              "vmware_tools_status": "guestToolsNotRunning",
              "vmx_path": "course.freebsd10-4c2eb68c-a77f-45aa-990a-6b837ee59d71/course.freebsd10-4c2eb68c-a77f-45aa-990a-6b837ee59d71.vmx",
              "wait_for_guest_ip_timeout": 0,
              "wait_for_guest_net_routable": false,
              "wait_for_guest_net_timeout": 0
            },
            "private": "eyJzY2hlbWFfdmVyc2lvbiI6IjMifQ==",
            "depends_on": [
              "data.vsphere_datastore.datastore",
              "data.vsphere_host.host",
              "data.vsphere_network.course",
              "data.vsphere_virtual_machine.lab1-freebsd10-template"
            ]
          }
        ]
      },
      {
        "mode": "managed",
        "type": "vsphere_virtual_machine",
        "name": "course-freebsd9-ws01",
        "provider": "provider.vsphere",
        "instances": [
          {
            "schema_version": 3,
            "attributes": {
              "alternate_guest_name": "",
              "annotation": "",
              "boot_delay": 0,
              "boot_retry_delay": 10000,
              "boot_retry_enabled": false,
              "cdrom": [],
              "change_version": "2019-07-02T18:26:14.978712Z",
              "clone": [
                {
                  "customize": [],
                  "linked_clone": true,
                  "template_uuid": "423c364f-b7a7-d1fd-dbf3-b7d0bba1e807",
                  "timeout": 30
                }
              ],
              "cpu_hot_add_enabled": false,
              "cpu_hot_remove_enabled": false,
              "cpu_limit": -1,
              "cpu_performance_counters_enabled": false,
              "cpu_reservation": 0,
              "cpu_share_count": 1000,
              "cpu_share_level": "normal",
              "custom_attributes": null,
              "datastore_cluster_id": null,
              "datastore_id": "datastore-88",
              "default_ip_address": null,
              "disk": [
                {
                  "attach": false,
                  "datastore_id": "datastore-88",
                  "device_address": "scsi:0:0",
                  "disk_mode": "persistent",
                  "disk_sharing": "sharingNone",
                  "eagerly_scrub": false,
                  "io_limit": -1,
                  "io_reservation": 0,
                  "io_share_count": 1000,
                  "io_share_level": "normal",
                  "keep_on_remove": false,
                  "key": 2000,
                  "label": "disk0",
                  "name": "",
                  "path": "course.freebsd9-4c2eb68c-a77f-45aa-990a-6b837ee59d71/course.freebsd9-4c2eb68c-a77f-45aa-990a-6b837ee59d71.vmdk",
                  "size": 20,
                  "thin_provisioned": true,
                  "unit_number": 0,
                  "uuid": "6000C29a-346f-4302-a90f-d78d12c8f7fa",
                  "write_through": false
                }
              ],
              "efi_secure_boot_enabled": null,
              "enable_disk_uuid": false,
              "enable_logging": false,
              "ept_rvi_mode": "automatic",
              "extra_config": {
                "guestinfo.address": "122.66.12.28",
                "guestinfo.dns": "122.66.12.10",
                "guestinfo.emailsuffix": "student.io",
                "guestinfo.gateway": "122.66.12.1",
                "guestinfo.hostname": "WS01",
                "guestinfo.netmask": "255.255.255.0",
                "guestinfo.network": "122.66.12.0",
                "guestinfo.stepadminpass": "Delicate@1"
              },
              "firmware": "bios",
              "folder": "general",
              "force_power_off": true,
              "guest_id": "freebsd64Guest",
              "guest_ip_addresses": [],
              "host_system_id": "host-87",
              "hv_mode": "hvAuto",
              "id": "423c0fb1-220d-7da5-9310-4fdefe4024a4",
              "ignored_guest_ips": null,
              "imported": null,
              "latency_sensitivity": "normal",
              "memory": 1024,
              "memory_hot_add_enabled": false,
              "memory_limit": -1,
              "memory_reservation": 0,
              "memory_share_count": 10240,
              "memory_share_level": "normal",
              "migrate_wait_timeout": 30,
              "moid": "vm-852",
              "name": "course.freebsd9-4c2eb68c-a77f-45aa-990a-6b837ee59d71",
              "nested_hv_enabled": false,
              "network_interface": [
                {
                  "adapter_type": "vmxnet3",
                  "bandwidth_limit": -1,
                  "bandwidth_reservation": 0,
                  "bandwidth_share_count": 50,
                  "bandwidth_share_level": "normal",
                  "device_address": "pci:0:7",
                  "key": 4000,
                  "mac_address": "00:50:56:bc:f5:29",
                  "network_id": "network-844",
                  "use_static_mac": false
                }
              ],
              "num_cores_per_socket": 1,
              "num_cpus": 1,
              "reboot_required": false,
              "resource_pool_id": "resgroup-740",
              "run_tools_scripts_after_power_on": true,
              "run_tools_scripts_after_resume": true,
              "run_tools_scripts_before_guest_reboot": false,
              "run_tools_scripts_before_guest_shutdown": true,
              "run_tools_scripts_before_guest_standby": true,
              "scsi_bus_sharing": "noSharing",
              "scsi_controller_count": 1,
              "scsi_type": "lsilogic",
              "shutdown_wait_timeout": 1,
              "swap_placement_policy": "inherit",
              "sync_time_with_host": false,
              "tags": null,
              "uuid": "423c0fb1-220d-7da5-9310-4fdefe4024a4",
              "vapp": [],
              "vapp_transport": [],
              "vmware_tools_status": "guestToolsNotRunning",
              "vmx_path": "course.freebsd9-4c2eb68c-a77f-45aa-990a-6b837ee59d71/course.freebsd9-4c2eb68c-a77f-45aa-990a-6b837ee59d71.vmx",
              "wait_for_guest_ip_timeout": 0,
              "wait_for_guest_net_routable": false,
              "wait_for_guest_net_timeout": 0
            },
            "private": "eyJzY2hlbWFfdmVyc2lvbiI6IjMifQ==",
            "depends_on": [
              "data.vsphere_datastore.datastore",
              "data.vsphere_host.host",
              "data.vsphere_network.course",
              "data.vsphere_virtual_machine.lab1-freebsd9-template"
            ]
          }
        ]
      },
      {
        "mode": "managed",
        "type": "vsphere_virtual_machine",
        "name": "course-sol10-ws01",
        "provider": "provider.vsphere",
        "instances": [
          {
            "schema_version": 3,
            "attributes": {
              "alternate_guest_name": "",
              "annotation": "",
              "boot_delay": 0,
              "boot_retry_delay": 10000,
              "boot_retry_enabled": false,
              "cdrom": [],
              "change_version": "2019-07-02T18:26:14.177003Z",
              "clone": [
                {
                  "customize": [],
                  "linked_clone": true,
                  "template_uuid": "423c52cc-12d5-148e-bb70-68fe64c57064",
                  "timeout": 30
                }
              ],
              "cpu_hot_add_enabled": false,
              "cpu_hot_remove_enabled": false,
              "cpu_limit": -1,
              "cpu_performance_counters_enabled": false,
              "cpu_reservation": 0,
              "cpu_share_count": 1000,
              "cpu_share_level": "normal",
              "custom_attributes": null,
              "datastore_cluster_id": null,
              "datastore_id": "datastore-88",
              "default_ip_address": null,
              "disk": [
                {
                  "attach": false,
                  "datastore_id": "datastore-88",
                  "device_address": "scsi:0:0",
                  "disk_mode": "persistent",
                  "disk_sharing": "sharingNone",
                  "eagerly_scrub": false,
                  "io_limit": -1,
                  "io_reservation": 0,
                  "io_share_count": 1000,
                  "io_share_level": "normal",
                  "keep_on_remove": false,
                  "key": 2000,
                  "label": "disk0",
                  "name": "",
                  "path": "course.sol10-4c2eb68c-a77f-45aa-990a-6b837ee59d71/course.sol10-4c2eb68c-a77f-45aa-990a-6b837ee59d71.vmdk",
                  "size": 10,
                  "thin_provisioned": true,
                  "unit_number": 0,
                  "uuid": "6000C298-62d5-bf33-cd04-de1ae0134702",
                  "write_through": false
                }
              ],
              "efi_secure_boot_enabled": null,
              "enable_disk_uuid": false,
              "enable_logging": false,
              "ept_rvi_mode": "automatic",
              "extra_config": {
                "guestinfo.address": "122.66.12.26",
                "guestinfo.dns": "122.66.12.10",
                "guestinfo.emailsuffix": "abusama.tu",
                "guestinfo.gateway": "122.66.12.1",
                "guestinfo.hostname": "WS01",
                "guestinfo.netmask": "255.255.255.0",
                "guestinfo.network": "122.66.12.0",
                "guestinfo.stepadminpass": "Delicate@1"
              },
              "firmware": "bios",
              "folder": "general",
              "force_power_off": true,
              "guest_id": "solaris10_64Guest",
              "guest_ip_addresses": [],
              "host_system_id": "host-87",
              "hv_mode": "hvAuto",
              "id": "423cb77b-6789-cef5-69e2-9b29b2b2b252",
              "ignored_guest_ips": null,
              "imported": null,
              "latency_sensitivity": "normal",
              "memory": 1024,
              "memory_hot_add_enabled": false,
              "memory_limit": -1,
              "memory_reservation": 0,
              "memory_share_count": 10240,
              "memory_share_level": "normal",
              "migrate_wait_timeout": 30,
              "moid": "vm-848",
              "name": "course.sol10-4c2eb68c-a77f-45aa-990a-6b837ee59d71",
              "nested_hv_enabled": false,
              "network_interface": [
                {
                  "adapter_type": "vmxnet3",
                  "bandwidth_limit": -1,
                  "bandwidth_reservation": 0,
                  "bandwidth_share_count": 50,
                  "bandwidth_share_level": "normal",
                  "device_address": "pci:0:7",
                  "key": 4000,
                  "mac_address": "00:50:56:bc:bb:ed",
                  "network_id": "network-844",
                  "use_static_mac": false
                }
              ],
              "num_cores_per_socket": 1,
              "num_cpus": 1,
              "reboot_required": false,
              "resource_pool_id": "resgroup-740",
              "run_tools_scripts_after_power_on": true,
              "run_tools_scripts_after_resume": true,
              "run_tools_scripts_before_guest_reboot": false,
              "run_tools_scripts_before_guest_shutdown": true,
              "run_tools_scripts_before_guest_standby": true,
              "scsi_bus_sharing": "noSharing",
              "scsi_controller_count": 1,
              "scsi_type": "lsilogic",
              "shutdown_wait_timeout": 1,
              "swap_placement_policy": "inherit",
              "sync_time_with_host": false,
              "tags": null,
              "uuid": "423cb77b-6789-cef5-69e2-9b29b2b2b252",
              "vapp": [],
              "vapp_transport": [],
              "vmware_tools_status": "guestToolsNotRunning",
              "vmx_path": "course.sol10-4c2eb68c-a77f-45aa-990a-6b837ee59d71/course.sol10-4c2eb68c-a77f-45aa-990a-6b837ee59d71.vmx",
              "wait_for_guest_ip_timeout": 0,
              "wait_for_guest_net_routable": false,
              "wait_for_guest_net_timeout": 0
            },
            "private": "eyJzY2hlbWFfdmVyc2lvbiI6IjMifQ==",
            "depends_on": [
              "data.vsphere_datastore.datastore",
              "data.vsphere_host.host",
              "data.vsphere_network.course",
              "data.vsphere_virtual_machine.lab1-solaris10-template"
            ]
          }
        ]
      },
      {
        "mode": "managed",
        "type": "vsphere_virtual_machine",
        "name": "course-sol11-ws01",
        "provider": "provider.vsphere",
        "instances": [
          {
            "schema_version": 3,
            "attributes": {
              "alternate_guest_name": "",
              "annotation": "",
              "boot_delay": 0,
              "boot_retry_delay": 10000,
              "boot_retry_enabled": false,
              "cdrom": [],
              "change_version": "2019-07-02T18:26:14.607488Z",
              "clone": [
                {
                  "customize": [],
                  "linked_clone": true,
                  "template_uuid": "423c0cbc-1a07-3a68-69ff-fe008312393e",
                  "timeout": 30
                }
              ],
              "cpu_hot_add_enabled": false,
              "cpu_hot_remove_enabled": false,
              "cpu_limit": -1,
              "cpu_performance_counters_enabled": false,
              "cpu_reservation": 0,
              "cpu_share_count": 1000,
              "cpu_share_level": "normal",
              "custom_attributes": null,
              "datastore_cluster_id": null,
              "datastore_id": "datastore-88",
              "default_ip_address": null,
              "disk": [
                {
                  "attach": false,
                  "datastore_id": "datastore-88",
                  "device_address": "scsi:0:0",
                  "disk_mode": "persistent",
                  "disk_sharing": "sharingNone",
                  "eagerly_scrub": false,
                  "io_limit": -1,
                  "io_reservation": 0,
                  "io_share_count": 1000,
                  "io_share_level": "normal",
                  "keep_on_remove": false,
                  "key": 2000,
                  "label": "disk0",
                  "name": "",
                  "path": "course.sol11-4c2eb68c-a77f-45aa-990a-6b837ee59d71/course.sol11-4c2eb68c-a77f-45aa-990a-6b837ee59d71.vmdk",
                  "size": 20,
                  "thin_provisioned": true,
                  "unit_number": 0,
                  "uuid": "6000C29f-604a-3092-b21b-073ebfe76267",
                  "write_through": false
                }
              ],
              "efi_secure_boot_enabled": null,
              "enable_disk_uuid": false,
              "enable_logging": false,
              "ept_rvi_mode": "automatic",
              "extra_config": {
                "guestinfo.address": "122.66.12.27",
                "guestinfo.cidr": "24",
                "guestinfo.dns": "122.66.12.10",
                "guestinfo.emailsuffix": "abusama.tu",
                "guestinfo.gateway": "122.66.12.1",
                "guestinfo.hostname": "WS01",
                "guestinfo.netmask": "255.255.255.0",
                "guestinfo.network": "122.66.12.0",
                "guestinfo.stepadminpass": "Delicate@1"
              },
              "firmware": "bios",
              "folder": "general",
              "force_power_off": true,
              "guest_id": "solaris11_64Guest",
              "guest_ip_addresses": [],
              "host_system_id": "host-87",
              "hv_mode": "hvAuto",
              "id": "423cbe4b-761d-f479-13ec-ca4adc5e7b36",
              "ignored_guest_ips": null,
              "imported": null,
              "latency_sensitivity": "normal",
              "memory": 1024,
              "memory_hot_add_enabled": false,
              "memory_limit": -1,
              "memory_reservation": 0,
              "memory_share_count": 10240,
              "memory_share_level": "normal",
              "migrate_wait_timeout": 30,
              "moid": "vm-849",
              "name": "course.sol11-4c2eb68c-a77f-45aa-990a-6b837ee59d71",
              "nested_hv_enabled": false,
              "network_interface": [
                {
                  "adapter_type": "vmxnet3",
                  "bandwidth_limit": -1,
                  "bandwidth_reservation": 0,
                  "bandwidth_share_count": 50,
                  "bandwidth_share_level": "normal",
                  "device_address": "pci:0:7",
                  "key": 4000,
                  "mac_address": "00:50:56:bc:02:2e",
                  "network_id": "network-844",
                  "use_static_mac": false
                }
              ],
              "num_cores_per_socket": 1,
              "num_cpus": 1,
              "reboot_required": false,
              "resource_pool_id": "resgroup-740",
              "run_tools_scripts_after_power_on": true,
              "run_tools_scripts_after_resume": true,
              "run_tools_scripts_before_guest_reboot": false,
              "run_tools_scripts_before_guest_shutdown": true,
              "run_tools_scripts_before_guest_standby": true,
              "scsi_bus_sharing": "noSharing",
              "scsi_controller_count": 1,
              "scsi_type": "lsilogic",
              "shutdown_wait_timeout": 1,
              "swap_placement_policy": "inherit",
              "sync_time_with_host": false,
              "tags": null,
              "uuid": "423cbe4b-761d-f479-13ec-ca4adc5e7b36",
              "vapp": [],
              "vapp_transport": [],
              "vmware_tools_status": "guestToolsNotRunning",
              "vmx_path": "course.sol11-4c2eb68c-a77f-45aa-990a-6b837ee59d71/course.sol11-4c2eb68c-a77f-45aa-990a-6b837ee59d71.vmx",
              "wait_for_guest_ip_timeout": 0,
              "wait_for_guest_net_routable": false,
              "wait_for_guest_net_timeout": 0
            },
            "private": "eyJzY2hlbWFfdmVyc2lvbiI6IjMifQ==",
            "depends_on": [
              "data.vsphere_datastore.datastore",
              "data.vsphere_host.host",
              "data.vsphere_network.course",
              "data.vsphere_virtual_machine.lab1-solaris11-template"
            ]
          }
        ]
      },
      {
        "mode": "managed",
        "type": "vsphere_virtual_machine",
        "name": "course-ubuntu14-server",
        "provider": "provider.vsphere",
        "instances": [
          {
            "schema_version": 3,
            "attributes": {
              "alternate_guest_name": "",
              "annotation": "",
              "boot_delay": 0,
              "boot_retry_delay": 10000,
              "boot_retry_enabled": false,
              "cdrom": [],
              "change_version": "2019-07-02T18:26:15.017231Z",
              "clone": [
                {
                  "customize": [],
                  "linked_clone": true,
                  "template_uuid": "423c9d30-a75f-b025-0acd-fa3cef2b753a",
                  "timeout": 30
                }
              ],
              "cpu_hot_add_enabled": false,
              "cpu_hot_remove_enabled": false,
              "cpu_limit": -1,
              "cpu_performance_counters_enabled": false,
              "cpu_reservation": 0,
              "cpu_share_count": 1000,
              "cpu_share_level": "normal",
              "custom_attributes": null,
              "datastore_cluster_id": null,
              "datastore_id": "datastore-88",
              "default_ip_address": null,
              "disk": [
                {
                  "attach": false,
                  "datastore_id": "datastore-88",
                  "device_address": "scsi:0:0",
                  "disk_mode": "persistent",
                  "disk_sharing": "sharingNone",
                  "eagerly_scrub": false,
                  "io_limit": -1,
                  "io_reservation": 0,
                  "io_share_count": 1000,
                  "io_share_level": "normal",
                  "keep_on_remove": false,
                  "key": 2000,
                  "label": "disk0",
                  "name": "",
                  "path": "course.ubuntu14.server-4c2eb68c-a77f-45aa-990a-6b837ee59d71/course.ubuntu14.server-4c2eb68c-a77f-45aa-990a-6b837ee59d71.vmdk",
                  "size": 20,
                  "thin_provisioned": true,
                  "unit_number": 0,
                  "uuid": "6000C291-c24c-5831-4972-8d39a4559fae",
                  "write_through": false
                }
              ],
              "efi_secure_boot_enabled": null,
              "enable_disk_uuid": false,
              "enable_logging": false,
              "ept_rvi_mode": "automatic",
              "extra_config": {
                "guestinfo.address": "122.66.12.38",
                "guestinfo.dns": "122.66.12.10",
                "guestinfo.emailsuffix": "abusama.tu",
                "guestinfo.gateway": "122.66.12.1",
                "guestinfo.hostname": "ubuntu14",
                "guestinfo.netmask": "255.255.255.0",
                "guestinfo.network": "122.66.12.0",
                "guestinfo.stepadminpass": "Delicate@1"
              },
              "firmware": "bios",
              "folder": "general",
              "force_power_off": true,
              "guest_id": "ubuntu64Guest",
              "guest_ip_addresses": [],
              "host_system_id": "host-87",
              "hv_mode": "hvAuto",
              "id": "423c09a2-5bd4-1568-3dd7-7fe81512c101",
              "ignored_guest_ips": null,
              "imported": null,
              "latency_sensitivity": "normal",
              "memory": 1024,
              "memory_hot_add_enabled": false,
              "memory_limit": -1,
              "memory_reservation": 0,
              "memory_share_count": 10240,
              "memory_share_level": "normal",
              "migrate_wait_timeout": 30,
              "moid": "vm-851",
              "name": "course.ubuntu14.server-4c2eb68c-a77f-45aa-990a-6b837ee59d71",
              "nested_hv_enabled": false,
              "network_interface": [
                {
                  "adapter_type": "vmxnet3",
                  "bandwidth_limit": -1,
                  "bandwidth_reservation": 0,
                  "bandwidth_share_count": 50,
                  "bandwidth_share_level": "normal",
                  "device_address": "pci:0:7",
                  "key": 4000,
                  "mac_address": "00:50:56:bc:10:32",
                  "network_id": "network-844",
                  "use_static_mac": false
                }
              ],
              "num_cores_per_socket": 1,
              "num_cpus": 1,
              "reboot_required": false,
              "resource_pool_id": "resgroup-740",
              "run_tools_scripts_after_power_on": true,
              "run_tools_scripts_after_resume": true,
              "run_tools_scripts_before_guest_reboot": false,
              "run_tools_scripts_before_guest_shutdown": true,
              "run_tools_scripts_before_guest_standby": true,
              "scsi_bus_sharing": "noSharing",
              "scsi_controller_count": 1,
              "scsi_type": "lsilogic",
              "shutdown_wait_timeout": 1,
              "swap_placement_policy": "inherit",
              "sync_time_with_host": false,
              "tags": null,
              "uuid": "423c09a2-5bd4-1568-3dd7-7fe81512c101",
              "vapp": [],
              "vapp_transport": [],
              "vmware_tools_status": "guestToolsNotRunning",
              "vmx_path": "course.ubuntu14.server-4c2eb68c-a77f-45aa-990a-6b837ee59d71/course.ubuntu14.server-4c2eb68c-a77f-45aa-990a-6b837ee59d71.vmx",
              "wait_for_guest_ip_timeout": 0,
              "wait_for_guest_net_routable": false,
              "wait_for_guest_net_timeout": 0
            },
            "private": "eyJzY2hlbWFfdmVyc2lvbiI6IjMifQ==",
            "depends_on": [
              "data.vsphere_datastore.datastore",
              "data.vsphere_host.host",
              "data.vsphere_network.course",
              "data.vsphere_virtual_machine.lab1-ubuntu14-server-template"
            ]
          }
        ]
      },
      {
        "mode": "managed",
        "type": "vsphere_virtual_machine",
        "name": "course-ubuntu16-server",
        "provider": "provider.vsphere",
        "instances": [
          {
            "schema_version": 3,
            "attributes": {
              "alternate_guest_name": "",
              "annotation": "",
              "boot_delay": 0,
              "boot_retry_delay": 10000,
              "boot_retry_enabled": false,
              "cdrom": [],
              "change_version": "2019-07-02T18:26:14.594445Z",
              "clone": [
                {
                  "customize": [],
                  "linked_clone": true,
                  "template_uuid": "423cf29d-3cd2-c721-734a-b8920d8cd56e",
                  "timeout": 30
                }
              ],
              "cpu_hot_add_enabled": false,
              "cpu_hot_remove_enabled": false,
              "cpu_limit": -1,
              "cpu_performance_counters_enabled": false,
              "cpu_reservation": 0,
              "cpu_share_count": 1000,
              "cpu_share_level": "normal",
              "custom_attributes": null,
              "datastore_cluster_id": null,
              "datastore_id": "datastore-88",
              "default_ip_address": null,
              "disk": [
                {
                  "attach": false,
                  "datastore_id": "datastore-88",
                  "device_address": "scsi:0:0",
                  "disk_mode": "persistent",
                  "disk_sharing": "sharingNone",
                  "eagerly_scrub": false,
                  "io_limit": -1,
                  "io_reservation": 0,
                  "io_share_count": 1000,
                  "io_share_level": "normal",
                  "keep_on_remove": false,
                  "key": 2000,
                  "label": "disk0",
                  "name": "",
                  "path": "course.ubuntu16.server-4c2eb68c-a77f-45aa-990a-6b837ee59d71/course.ubuntu16.server-4c2eb68c-a77f-45aa-990a-6b837ee59d71.vmdk",
                  "size": 20,
                  "thin_provisioned": true,
                  "unit_number": 0,
                  "uuid": "6000C290-d2dd-ea41-b094-42399ebf1212",
                  "write_through": false
                }
              ],
              "efi_secure_boot_enabled": null,
              "enable_disk_uuid": false,
              "enable_logging": false,
              "ept_rvi_mode": "automatic",
              "extra_config": {
                "guestinfo.address": "122.66.12.39",
                "guestinfo.dns": "122.66.12.31",
                "guestinfo.emailsuffix": "abusama.tu",
                "guestinfo.gateway": "122.16.12.1",
                "guestinfo.hostname": "ubuntu16",
                "guestinfo.mode": "static",
                "guestinfo.netmask": "255.255.255.0",
                "guestinfo.network": "122.66.12.0",
                "guestinfo.stepadminpass": "Delicate@1"
              },
              "firmware": "bios",
              "folder": "general",
              "force_power_off": true,
              "guest_id": "ubuntu64Guest",
              "guest_ip_addresses": [],
              "host_system_id": "host-87",
              "hv_mode": "hvAuto",
              "id": "423cf12c-013b-f590-3be8-f53a3115ab92",
              "ignored_guest_ips": null,
              "imported": null,
              "latency_sensitivity": "normal",
              "memory": 1024,
              "memory_hot_add_enabled": false,
              "memory_limit": -1,
              "memory_reservation": 0,
              "memory_share_count": 10240,
              "memory_share_level": "normal",
              "migrate_wait_timeout": 30,
              "moid": "vm-853",
              "name": "course.ubuntu16.server-4c2eb68c-a77f-45aa-990a-6b837ee59d71",
              "nested_hv_enabled": false,
              "network_interface": [
                {
                  "adapter_type": "vmxnet3",
                  "bandwidth_limit": -1,
                  "bandwidth_reservation": 0,
                  "bandwidth_share_count": 50,
                  "bandwidth_share_level": "normal",
                  "device_address": "pci:0:7",
                  "key": 4000,
                  "mac_address": "00:50:56:bc:e9:66",
                  "network_id": "network-844",
                  "use_static_mac": false
                }
              ],
              "num_cores_per_socket": 1,
              "num_cpus": 1,
              "reboot_required": false,
              "resource_pool_id": "resgroup-740",
              "run_tools_scripts_after_power_on": true,
              "run_tools_scripts_after_resume": true,
              "run_tools_scripts_before_guest_reboot": false,
              "run_tools_scripts_before_guest_shutdown": true,
              "run_tools_scripts_before_guest_standby": true,
              "scsi_bus_sharing": "noSharing",
              "scsi_controller_count": 1,
              "scsi_type": "lsilogic",
              "shutdown_wait_timeout": 1,
              "swap_placement_policy": "inherit",
              "sync_time_with_host": false,
              "tags": null,
              "uuid": "423cf12c-013b-f590-3be8-f53a3115ab92",
              "vapp": [],
              "vapp_transport": [],
              "vmware_tools_status": "guestToolsNotRunning",
              "vmx_path": "course.ubuntu16.server-4c2eb68c-a77f-45aa-990a-6b837ee59d71/course.ubuntu16.server-4c2eb68c-a77f-45aa-990a-6b837ee59d71.vmx",
              "wait_for_guest_ip_timeout": 0,
              "wait_for_guest_net_routable": false,
              "wait_for_guest_net_timeout": 0
            },
            "private": "eyJzY2hlbWFfdmVyc2lvbiI6IjMifQ==",
            "depends_on": [
              "data.vsphere_datastore.datastore",
              "data.vsphere_host.host",
              "data.vsphere_network.course",
              "data.vsphere_virtual_machine.lab1-ubuntu16-server-template"
            ]
          }
        ]
      }
    ]
  }
